PODS:
  - Alamofire (5.0.2)
  - AlamofireImage (4.0.3):
    - Alamofire (< 6.0.0, >= 5.0.2)
  - BlueSocket (1.0.52)
  - JitsiMeetSDK (2.6.1)
  - Promises (2.0.4)
  - SwiftyJSON (5.0.0)

DEPENDENCIES:
  - Alamofire
  - AlamofireImage
  - BlueSocket
  - JitsiMeetSDK
  - Promises
  - SwiftyJSON

SPEC REPOS:
  https://github.com/cocoapods/specs.git:
    - Alamofire
    - AlamofireImage
    - BlueSocket
    - JitsiMeetSDK
    - Promises
    - SwiftyJSON

SPEC CHECKSUMS:
  Alamofire: 3ba7a4db18b4f62c4a1c0e1cb39d7f3d52e10ada
  AlamofireImage: 3d1a2010519e58675318735580eb856e88840ff7
  BlueSocket: 1acd943acb07b55905291d608649fcfbf8cbd57d
  JitsiMeetSDK: 8ff0aea05c63c84ecffe23f6bc731e232a0b378a
  Promises: fcb83dc6be43294a8d30c343636ed1a45a8d2e0a
  SwiftyJSON: 36413e04c44ee145039d332b4f4e2d3e8d6c4db7

PODFILE CHECKSUM: 6c3e807dda25581e7a52c920bf8e173930c06c0e

COCOAPODS: 1.6.1
