PODS:
  - Alamofire (5.0.5)
  - AppAuth (1.3.0):
    - AppAuth/Core (= 1.3.0)
    - AppAuth/ExternalUserAgent (= 1.3.0)
  - AppAuth/Core (1.3.0)
  - AppAuth/ExternalUserAgent (1.3.0)
  - BlueSocket (1.0.52)
  - CRRefresh (1.1.3)
  - GrowingTextView (0.7.2)
  - GTProgressBar (0.3.3)
  - JitsiMeetSDK (2.7.0)
  - Kingfisher (5.13.4):
    - Kingfisher/Core (= 5.13.4)
  - Kingfisher/Core (5.13.4)
  - PromisesObjC (1.2.8)
  - PromisesSwift (1.2.8):
    - PromisesObjC (= 1.2.8)
  - Reactions (3.0.0)
  - SwiftyJSON (5.0.0)
  - TagListView (1.4.0)

DEPENDENCIES:
  - Alamofire (~> 5.0.0-beta.7)
  - AppAuth
  - BlueSocket
  - CRRefresh
  - GrowingTextView (= 0.7.2)
  - GTProgressBar
  - JitsiMeetSDK
  - Kingfisher
  - PromisesSwift
  - Reactions (~> 3.0.0)
  - SwiftyJSON
  - TagListView (~> 1.0)

SPEC REPOS:
  trunk:
    - Alamofire
    - AppAuth
    - BlueSocket
    - CRRefresh
    - GrowingTextView
    - GTProgressBar
    - JitsiMeetSDK
    - Kingfisher
    - PromisesObjC
    - PromisesSwift
    - Reactions
    - SwiftyJSON
    - TagListView

SPEC CHECKSUMS:
  Alamofire: df2f8f826963b08b9a870791ad48e07a10090b2e
  AppAuth: 73574f3013a1e65b9601a3ddc8b3158cce68c09d
  BlueSocket: 1acd943acb07b55905291d608649fcfbf8cbd57d
  CRRefresh: 1415d4ae06837fa7bb064c44f2e102f3ef517044
  GrowingTextView: 876bf42005b5e4a4fd740597db12caaf41f0fe6c
  GTProgressBar: a480283ecb0ada50de16c71e634892826928f640
  JitsiMeetSDK: e09c2864b89fb3ac5f6733f6f85218bccb2c50be
  Kingfisher: d2279a7abece3c7f25a80cd2b7f363ca5cf3f44c
  PromisesObjC: c119f3cd559f50b7ae681fa59dc1acd19173b7e6
  PromisesSwift: 37bad6f4daddb02f7c9c531efe91e8b21c13ee2f
  Reactions: 4994c6bb3e7c6b75756a0b26a4d4f5bde1a47dc7
  SwiftyJSON: 36413e04c44ee145039d332b4f4e2d3e8d6c4db7
  TagListView: 987b0bdbb16cd9d9e7c0e2ec32aff37ecba8b173

PODFILE CHECKSUM: 8fb0a7f0cfd56e4d00d12867dd4cb02d1ed2d55c

COCOAPODS: 1.9.1
