PODS:
  - Alamofire (5.0.5)
  - AppAuth (1.3.0):
    - AppAuth/Core (= 1.3.0)
    - AppAuth/ExternalUserAgent (= 1.3.0)
  - AppAuth/Core (1.3.0)
  - AppAuth/ExternalUserAgent (1.3.0)
  - BlueSocket (1.0.52)
  - CRRefresh (1.1.3)
  - JitsiMeetSDK (2.7.0)
  - Kingfisher (5.13.4):
    - Kingfisher/Core (= 5.13.4)
  - Kingfisher/Core (5.13.4)
  - PromisesObjC (1.2.8)
  - PromisesSwift (1.2.8):
    - PromisesObjC (= 1.2.8)
  - SwiftyJSON (5.0.0)

DEPENDENCIES:
  - Alamofire (~> 5.0.0-beta.7)
  - AppAuth
  - BlueSocket
  - CRRefresh
  - JitsiMeetSDK
  - Kingfisher
  - PromisesSwift
  - SwiftyJSON

SPEC REPOS:
  trunk:
    - Alamofire
    - AppAuth
    - BlueSocket
    - CRRefresh
    - JitsiMeetSDK
    - Kingfisher
    - PromisesObjC
    - PromisesSwift
    - SwiftyJSON

SPEC CHECKSUMS:
  Alamofire: df2f8f826963b08b9a870791ad48e07a10090b2e
  AppAuth: 73574f3013a1e65b9601a3ddc8b3158cce68c09d
  BlueSocket: 1acd943acb07b55905291d608649fcfbf8cbd57d
  CRRefresh: 1415d4ae06837fa7bb064c44f2e102f3ef517044
  JitsiMeetSDK: e09c2864b89fb3ac5f6733f6f85218bccb2c50be
  Kingfisher: d2279a7abece3c7f25a80cd2b7f363ca5cf3f44c
  PromisesObjC: c119f3cd559f50b7ae681fa59dc1acd19173b7e6
  PromisesSwift: 37bad6f4daddb02f7c9c531efe91e8b21c13ee2f
  SwiftyJSON: 36413e04c44ee145039d332b4f4e2d3e8d6c4db7

PODFILE CHECKSUM: e68a397f6eedae864cfc69d4d69566d6bc6921ee

COCOAPODS: 1.9.1
