// !$*UTF8*$!
{
	archiveVersion = 1;
	classes = {
	};
	objectVersion = 51;
	objects = {

/* Begin PBXBuildFile section */
		82125C5E241BDB44009817B7 /* Room1.swift in Sources */ = {isa = PBXBuildFile; fileRef = 82125C5D241BDB44009817B7 /* Room1.swift */; };
		82125C60241BDBC5009817B7 /* User1.swift in Sources */ = {isa = PBXBuildFile; fileRef = 82125C5F241BDBC5009817B7 /* User1.swift */; };
		82125C62241BDC5A009817B7 /* Room2.swift in Sources */ = {isa = PBXBuildFile; fileRef = 82125C61241BDC5A009817B7 /* Room2.swift */; };
		82125C65241BDCC9009817B7 /* RoomService.swift in Sources */ = {isa = PBXBuildFile; fileRef = 82125C64241BDCC9009817B7 /* RoomService.swift */; };
		8231A3E1241A65EB00A3EEF3 /* AppDelegate.swift in Sources */ = {isa = PBXBuildFile; fileRef = 8231A3E0241A65EB00A3EEF3 /* AppDelegate.swift */; };
		8231A3E3241A65EB00A3EEF3 /* SceneDelegate.swift in Sources */ = {isa = PBXBuildFile; fileRef = 8231A3E2241A65EB00A3EEF3 /* SceneDelegate.swift */; };
		8231A3E5241A65EB00A3EEF3 /* ViewController.swift in Sources */ = {isa = PBXBuildFile; fileRef = 8231A3E4241A65EB00A3EEF3 /* ViewController.swift */; };
		8231A3E8241A65EB00A3EEF3 /* Main.storyboard in Resources */ = {isa = PBXBuildFile; fileRef = 8231A3E6241A65EB00A3EEF3 /* Main.storyboard */; };
		8231A3EB241A65EB00A3EEF3 /* EspaceCollaboratif.xcdatamodeld in Sources */ = {isa = PBXBuildFile; fileRef = 8231A3E9241A65EB00A3EEF3 /* EspaceCollaboratif.xcdatamodeld */; };
		8231A3ED241A65EE00A3EEF3 /* Assets.xcassets in Resources */ = {isa = PBXBuildFile; fileRef = 8231A3EC241A65EE00A3EEF3 /* Assets.xcassets */; };
		8231A3F0241A65EE00A3EEF3 /* LaunchScreen.storyboard in Resources */ = {isa = PBXBuildFile; fileRef = 8231A3EE241A65EE00A3EEF3 /* LaunchScreen.storyboard */; };
		8231A3FB241A65EE00A3EEF3 /* EspaceCollaboratifTests.swift in Sources */ = {isa = PBXBuildFile; fileRef = 8231A3FA241A65EE00A3EEF3 /* EspaceCollaboratifTests.swift */; };
		8231A406241A65EF00A3EEF3 /* EspaceCollaboratifUITests.swift in Sources */ = {isa = PBXBuildFile; fileRef = 8231A405241A65EF00A3EEF3 /* EspaceCollaboratifUITests.swift */; };
		825089B5241BB20D00B754EE /* Room.swift in Sources */ = {isa = PBXBuildFile; fileRef = 825089B4241BB20D00B754EE /* Room.swift */; };
		82565121241A695300B4875E /* RoomsViewController.swift in Sources */ = {isa = PBXBuildFile; fileRef = 82565120241A695300B4875E /* RoomsViewController.swift */; };
		82565123241A697C00B4875E /* RoomsTableViewCell.swift in Sources */ = {isa = PBXBuildFile; fileRef = 82565122241A697C00B4875E /* RoomsTableViewCell.swift */; };
		82565127241A69FA00B4875E /* ColorRooms.swift in Sources */ = {isa = PBXBuildFile; fileRef = 82565125241A69FA00B4875E /* ColorRooms.swift */; };
		82565129241A6A1A00B4875E /* UserCollectionViewCell.swift in Sources */ = {isa = PBXBuildFile; fileRef = 82565128241A6A1A00B4875E /* UserCollectionViewCell.swift */; };
		8256513A241A79EB00B4875E /* ChatTableViewCell.swift in Sources */ = {isa = PBXBuildFile; fileRef = 82565139241A79EB00B4875E /* ChatTableViewCell.swift */; };
		90B8829BE26BE4FD8DA445B0 /* Pods_EspaceCollaboratif.framework in Frameworks */ = {isa = PBXBuildFile; fileRef = 87CE3EBDCDC0497AB528E984 /* Pods_EspaceCollaboratif.framework */; };
		9105AB39243E07FB00C8CECF /* MessageChat.swift in Sources */ = {isa = PBXBuildFile; fileRef = 9105AB38243E07FB00C8CECF /* MessageChat.swift */; };
		9131E512243D1EA10081B324 /* UserDefaultService.swift in Sources */ = {isa = PBXBuildFile; fileRef = 9131E511243D1EA10081B324 /* UserDefaultService.swift */; };
		91454AE5243BA41200039A0F /* NetworkMehdi.swift in Sources */ = {isa = PBXBuildFile; fileRef = 91454AE4243BA41200039A0F /* NetworkMehdi.swift */; };
		9153E3672422492200CAF859 /* Mutex.swift in Sources */ = {isa = PBXBuildFile; fileRef = 9153E3662422492200CAF859 /* Mutex.swift */; };
		91851C53243FF42F00D743B9 /* ChatReceptionTableViewCell.swift in Sources */ = {isa = PBXBuildFile; fileRef = 91851C52243FF42F00D743B9 /* ChatReceptionTableViewCell.swift */; };
		918616612422433F008DF1D6 /* ConstantColor.swift in Sources */ = {isa = PBXBuildFile; fileRef = 918616602422433F008DF1D6 /* ConstantColor.swift */; };
		918616632422438E008DF1D6 /* Movie.swift in Sources */ = {isa = PBXBuildFile; fileRef = 918616622422438E008DF1D6 /* Movie.swift */; };
		91861665242243DC008DF1D6 /* EventBus.swift in Sources */ = {isa = PBXBuildFile; fileRef = 91861664242243DC008DF1D6 /* EventBus.swift */; };
		9186166724224427008DF1D6 /* Message.swift in Sources */ = {isa = PBXBuildFile; fileRef = 9186166624224427008DF1D6 /* Message.swift */; };
		9186166B24224481008DF1D6 /* Response.swift in Sources */ = {isa = PBXBuildFile; fileRef = 9186166A24224481008DF1D6 /* Response.swift */; };
		9186166D2422449E008DF1D6 /* Word.swift in Sources */ = {isa = PBXBuildFile; fileRef = 9186166C2422449E008DF1D6 /* Word.swift */; };
		9186166F242244CF008DF1D6 /* Util.swift in Sources */ = {isa = PBXBuildFile; fileRef = 9186166E242244CF008DF1D6 /* Util.swift */; };
		91CB0A26242388410025752F /* AddRoomViewController.swift in Sources */ = {isa = PBXBuildFile; fileRef = 91CB0A25242388410025752F /* AddRoomViewController.swift */; };
		91CCA1582445F42000790D0A /* ChatPersist.swift in Sources */ = {isa = PBXBuildFile; fileRef = 91CCA1572445F42000790D0A /* ChatPersist.swift */; };
		91CCA15A2446009200790D0A /* msgtest.swift in Sources */ = {isa = PBXBuildFile; fileRef = 91CCA1592446009200790D0A /* msgtest.swift */; };
		91CCA15C24460E4500790D0A /* corbeille.swift in Sources */ = {isa = PBXBuildFile; fileRef = 91CCA15B24460E4500790D0A /* corbeille.swift */; };
		91E9CCCE243B523200804899 /* KeyCloakViewController.swift in Sources */ = {isa = PBXBuildFile; fileRef = 91E9CCCD243B523200804899 /* KeyCloakViewController.swift */; };
		91F39FFD2424FB51009BDAD8 /* AddUserTableViewCell.swift in Sources */ = {isa = PBXBuildFile; fileRef = 91F39FFC2424FB51009BDAD8 /* AddUserTableViewCell.swift */; };
		91F39FFF24253EBC009BDAD8 /* UserService.swift in Sources */ = {isa = PBXBuildFile; fileRef = 91F39FFE24253EBC009BDAD8 /* UserService.swift */; };
/* End PBXBuildFile section */

/* Begin PBXContainerItemProxy section */
		8231A3F7241A65EE00A3EEF3 /* PBXContainerItemProxy */ = {
			isa = PBXContainerItemProxy;
			containerPortal = 8231A3D5241A65EB00A3EEF3 /* Project object */;
			proxyType = 1;
			remoteGlobalIDString = 8231A3DC241A65EB00A3EEF3;
			remoteInfo = EspaceCollaboratif;
		};
		8231A402241A65EF00A3EEF3 /* PBXContainerItemProxy */ = {
			isa = PBXContainerItemProxy;
			containerPortal = 8231A3D5241A65EB00A3EEF3 /* Project object */;
			proxyType = 1;
			remoteGlobalIDString = 8231A3DC241A65EB00A3EEF3;
			remoteInfo = EspaceCollaboratif;
		};
/* End PBXContainerItemProxy section */

/* Begin PBXFileReference section */
		070E473F4AE28A0025F3C5D6 /* Pods-EspaceCollaboratif.release.xcconfig */ = {isa = PBXFileReference; includeInIndex = 1; lastKnownFileType = text.xcconfig; name = "Pods-EspaceCollaboratif.release.xcconfig"; path = "Target Support Files/Pods-EspaceCollaboratif/Pods-EspaceCollaboratif.release.xcconfig"; sourceTree = "<group>"; };
		82125C5D241BDB44009817B7 /* Room1.swift */ = {isa = PBXFileReference; lastKnownFileType = sourcecode.swift; path = Room1.swift; sourceTree = "<group>"; };
		82125C5F241BDBC5009817B7 /* User1.swift */ = {isa = PBXFileReference; lastKnownFileType = sourcecode.swift; path = User1.swift; sourceTree = "<group>"; };
		82125C61241BDC5A009817B7 /* Room2.swift */ = {isa = PBXFileReference; lastKnownFileType = sourcecode.swift; path = Room2.swift; sourceTree = "<group>"; };
		82125C64241BDCC9009817B7 /* RoomService.swift */ = {isa = PBXFileReference; lastKnownFileType = sourcecode.swift; path = RoomService.swift; sourceTree = "<group>"; };
		8231A3DD241A65EB00A3EEF3 /* EspaceCollaboratif.app */ = {isa = PBXFileReference; explicitFileType = wrapper.application; includeInIndex = 0; path = EspaceCollaboratif.app; sourceTree = BUILT_PRODUCTS_DIR; };
		8231A3E0241A65EB00A3EEF3 /* AppDelegate.swift */ = {isa = PBXFileReference; lastKnownFileType = sourcecode.swift; path = AppDelegate.swift; sourceTree = "<group>"; };
		8231A3E2241A65EB00A3EEF3 /* SceneDelegate.swift */ = {isa = PBXFileReference; lastKnownFileType = sourcecode.swift; path = SceneDelegate.swift; sourceTree = "<group>"; };
		8231A3E4241A65EB00A3EEF3 /* ViewController.swift */ = {isa = PBXFileReference; lastKnownFileType = sourcecode.swift; path = ViewController.swift; sourceTree = "<group>"; };
		8231A3E7241A65EB00A3EEF3 /* Base */ = {isa = PBXFileReference; lastKnownFileType = file.storyboard; name = Base; path = Base.lproj/Main.storyboard; sourceTree = "<group>"; };
		8231A3EA241A65EB00A3EEF3 /* EspaceCollaboratif.xcdatamodel */ = {isa = PBXFileReference; lastKnownFileType = wrapper.xcdatamodel; path = EspaceCollaboratif.xcdatamodel; sourceTree = "<group>"; };
		8231A3EC241A65EE00A3EEF3 /* Assets.xcassets */ = {isa = PBXFileReference; lastKnownFileType = folder.assetcatalog; path = Assets.xcassets; sourceTree = "<group>"; };
		8231A3EF241A65EE00A3EEF3 /* Base */ = {isa = PBXFileReference; lastKnownFileType = file.storyboard; name = Base; path = Base.lproj/LaunchScreen.storyboard; sourceTree = "<group>"; };
		8231A3F1241A65EE00A3EEF3 /* Info.plist */ = {isa = PBXFileReference; lastKnownFileType = text.plist.xml; path = Info.plist; sourceTree = "<group>"; };
		8231A3F6241A65EE00A3EEF3 /* EspaceCollaboratifTests.xctest */ = {isa = PBXFileReference; explicitFileType = wrapper.cfbundle; includeInIndex = 0; path = EspaceCollaboratifTests.xctest; sourceTree = BUILT_PRODUCTS_DIR; };
		8231A3FA241A65EE00A3EEF3 /* EspaceCollaboratifTests.swift */ = {isa = PBXFileReference; lastKnownFileType = sourcecode.swift; path = EspaceCollaboratifTests.swift; sourceTree = "<group>"; };
		8231A3FC241A65EE00A3EEF3 /* Info.plist */ = {isa = PBXFileReference; lastKnownFileType = text.plist.xml; path = Info.plist; sourceTree = "<group>"; };
		8231A401241A65EF00A3EEF3 /* EspaceCollaboratifUITests.xctest */ = {isa = PBXFileReference; explicitFileType = wrapper.cfbundle; includeInIndex = 0; path = EspaceCollaboratifUITests.xctest; sourceTree = BUILT_PRODUCTS_DIR; };
		8231A405241A65EF00A3EEF3 /* EspaceCollaboratifUITests.swift */ = {isa = PBXFileReference; lastKnownFileType = sourcecode.swift; path = EspaceCollaboratifUITests.swift; sourceTree = "<group>"; };
		8231A407241A65EF00A3EEF3 /* Info.plist */ = {isa = PBXFileReference; lastKnownFileType = text.plist.xml; path = Info.plist; sourceTree = "<group>"; };
		825089B4241BB20D00B754EE /* Room.swift */ = {isa = PBXFileReference; lastKnownFileType = sourcecode.swift; path = Room.swift; sourceTree = "<group>"; };
		82565120241A695300B4875E /* RoomsViewController.swift */ = {isa = PBXFileReference; lastKnownFileType = sourcecode.swift; path = RoomsViewController.swift; sourceTree = "<group>"; };
		82565122241A697C00B4875E /* RoomsTableViewCell.swift */ = {isa = PBXFileReference; lastKnownFileType = sourcecode.swift; path = RoomsTableViewCell.swift; sourceTree = "<group>"; };
		82565125241A69FA00B4875E /* ColorRooms.swift */ = {isa = PBXFileReference; fileEncoding = 4; lastKnownFileType = sourcecode.swift; name = ColorRooms.swift; path = ../../../ncnhlhjitsi/ncnhlhjitsi/View/ColorRooms.swift; sourceTree = "<group>"; };
		82565128241A6A1A00B4875E /* UserCollectionViewCell.swift */ = {isa = PBXFileReference; fileEncoding = 4; lastKnownFileType = sourcecode.swift; path = UserCollectionViewCell.swift; sourceTree = "<group>"; };
		82565139241A79EB00B4875E /* ChatTableViewCell.swift */ = {isa = PBXFileReference; lastKnownFileType = sourcecode.swift; path = ChatTableViewCell.swift; sourceTree = "<group>"; };
		87CE3EBDCDC0497AB528E984 /* Pods_EspaceCollaboratif.framework */ = {isa = PBXFileReference; explicitFileType = wrapper.framework; includeInIndex = 0; path = Pods_EspaceCollaboratif.framework; sourceTree = BUILT_PRODUCTS_DIR; };
		9105AB38243E07FB00C8CECF /* MessageChat.swift */ = {isa = PBXFileReference; lastKnownFileType = sourcecode.swift; path = MessageChat.swift; sourceTree = "<group>"; };
		9131E511243D1EA10081B324 /* UserDefaultService.swift */ = {isa = PBXFileReference; lastKnownFileType = sourcecode.swift; path = UserDefaultService.swift; sourceTree = "<group>"; };
		91454AE4243BA41200039A0F /* NetworkMehdi.swift */ = {isa = PBXFileReference; lastKnownFileType = sourcecode.swift; path = NetworkMehdi.swift; sourceTree = "<group>"; };
		9153E3662422492200CAF859 /* Mutex.swift */ = {isa = PBXFileReference; lastKnownFileType = sourcecode.swift; path = Mutex.swift; sourceTree = "<group>"; };
		91851C52243FF42F00D743B9 /* ChatReceptionTableViewCell.swift */ = {isa = PBXFileReference; lastKnownFileType = sourcecode.swift; path = ChatReceptionTableViewCell.swift; sourceTree = "<group>"; };
		918616602422433F008DF1D6 /* ConstantColor.swift */ = {isa = PBXFileReference; lastKnownFileType = sourcecode.swift; path = ConstantColor.swift; sourceTree = "<group>"; };
		918616622422438E008DF1D6 /* Movie.swift */ = {isa = PBXFileReference; lastKnownFileType = sourcecode.swift; path = Movie.swift; sourceTree = "<group>"; };
		91861664242243DC008DF1D6 /* EventBus.swift */ = {isa = PBXFileReference; lastKnownFileType = sourcecode.swift; path = EventBus.swift; sourceTree = "<group>"; };
		9186166624224427008DF1D6 /* Message.swift */ = {isa = PBXFileReference; lastKnownFileType = sourcecode.swift; path = Message.swift; sourceTree = "<group>"; };
		9186166A24224481008DF1D6 /* Response.swift */ = {isa = PBXFileReference; lastKnownFileType = sourcecode.swift; path = Response.swift; sourceTree = "<group>"; };
		9186166C2422449E008DF1D6 /* Word.swift */ = {isa = PBXFileReference; lastKnownFileType = sourcecode.swift; path = Word.swift; sourceTree = "<group>"; };
		9186166E242244CF008DF1D6 /* Util.swift */ = {isa = PBXFileReference; lastKnownFileType = sourcecode.swift; path = Util.swift; sourceTree = "<group>"; };
		91CB0A25242388410025752F /* AddRoomViewController.swift */ = {isa = PBXFileReference; lastKnownFileType = sourcecode.swift; path = AddRoomViewController.swift; sourceTree = "<group>"; };
		91CCA1572445F42000790D0A /* ChatPersist.swift */ = {isa = PBXFileReference; lastKnownFileType = sourcecode.swift; path = ChatPersist.swift; sourceTree = "<group>"; };
		91CCA1592446009200790D0A /* msgtest.swift */ = {isa = PBXFileReference; lastKnownFileType = sourcecode.swift; path = msgtest.swift; sourceTree = "<group>"; };
		91CCA15B24460E4500790D0A /* corbeille.swift */ = {isa = PBXFileReference; lastKnownFileType = sourcecode.swift; path = corbeille.swift; sourceTree = "<group>"; };
		91E9CCCD243B523200804899 /* KeyCloakViewController.swift */ = {isa = PBXFileReference; lastKnownFileType = sourcecode.swift; path = KeyCloakViewController.swift; sourceTree = "<group>"; };
		91F39FFC2424FB51009BDAD8 /* AddUserTableViewCell.swift */ = {isa = PBXFileReference; lastKnownFileType = sourcecode.swift; path = AddUserTableViewCell.swift; sourceTree = "<group>"; };
		91F39FFE24253EBC009BDAD8 /* UserService.swift */ = {isa = PBXFileReference; lastKnownFileType = sourcecode.swift; path = UserService.swift; sourceTree = "<group>"; };
		95FD83A3CAD325341D167A8F /* Pods-EspaceCollaboratif.debug.xcconfig */ = {isa = PBXFileReference; includeInIndex = 1; lastKnownFileType = text.xcconfig; name = "Pods-EspaceCollaboratif.debug.xcconfig"; path = "Target Support Files/Pods-EspaceCollaboratif/Pods-EspaceCollaboratif.debug.xcconfig"; sourceTree = "<group>"; };
/* End PBXFileReference section */

/* Begin PBXFrameworksBuildPhase section */
		8231A3DA241A65EB00A3EEF3 /* Frameworks */ = {
			isa = PBXFrameworksBuildPhase;
			buildActionMask = 2147483647;
			files = (
				90B8829BE26BE4FD8DA445B0 /* Pods_EspaceCollaboratif.framework in Frameworks */,
			);
			runOnlyForDeploymentPostprocessing = 0;
		};
		8231A3F3241A65EE00A3EEF3 /* Frameworks */ = {
			isa = PBXFrameworksBuildPhase;
			buildActionMask = 2147483647;
			files = (
			);
			runOnlyForDeploymentPostprocessing = 0;
		};
		8231A3FE241A65EF00A3EEF3 /* Frameworks */ = {
			isa = PBXFrameworksBuildPhase;
			buildActionMask = 2147483647;
			files = (
			);
			runOnlyForDeploymentPostprocessing = 0;
		};
/* End PBXFrameworksBuildPhase section */

/* Begin PBXGroup section */
		261A64E006FE3A1905330DFE /* Frameworks */ = {
			isa = PBXGroup;
			children = (
				87CE3EBDCDC0497AB528E984 /* Pods_EspaceCollaboratif.framework */,
			);
			name = Frameworks;
			sourceTree = "<group>";
		};
		82125C63241BDCB4009817B7 /* Service */ = {
			isa = PBXGroup;
			children = (
				82125C64241BDCC9009817B7 /* RoomService.swift */,
				91F39FFE24253EBC009BDAD8 /* UserService.swift */,
				91454AE4243BA41200039A0F /* NetworkMehdi.swift */,
				9131E511243D1EA10081B324 /* UserDefaultService.swift */,
				91CCA1572445F42000790D0A /* ChatPersist.swift */,
			);
			path = Service;
			sourceTree = "<group>";
		};
		8231A3D4241A65EB00A3EEF3 = {
			isa = PBXGroup;
			children = (
				8231A3DF241A65EB00A3EEF3 /* EspaceCollaboratif */,
				8231A3F9241A65EE00A3EEF3 /* EspaceCollaboratifTests */,
				8231A404241A65EF00A3EEF3 /* EspaceCollaboratifUITests */,
				8231A3DE241A65EB00A3EEF3 /* Products */,
				861DC94FB8120BD7A5F9FA11 /* Pods */,
				261A64E006FE3A1905330DFE /* Frameworks */,
			);
			sourceTree = "<group>";
		};
		8231A3DE241A65EB00A3EEF3 /* Products */ = {
			isa = PBXGroup;
			children = (
				8231A3DD241A65EB00A3EEF3 /* EspaceCollaboratif.app */,
				8231A3F6241A65EE00A3EEF3 /* EspaceCollaboratifTests.xctest */,
				8231A401241A65EF00A3EEF3 /* EspaceCollaboratifUITests.xctest */,
			);
			name = Products;
			sourceTree = "<group>";
		};
		8231A3DF241A65EB00A3EEF3 /* EspaceCollaboratif */ = {
			isa = PBXGroup;
			children = (
				9186166E242244CF008DF1D6 /* Util.swift */,
				9153E3662422492200CAF859 /* Mutex.swift */,
				9186166A24224481008DF1D6 /* Response.swift */,
				9186166C2422449E008DF1D6 /* Word.swift */,
				9186166624224427008DF1D6 /* Message.swift */,
				91861664242243DC008DF1D6 /* EventBus.swift */,
				8231A3F1241A65EE00A3EEF3 /* Info.plist */,
				82125C63241BDCB4009817B7 /* Service */,
				8231A416241A681D00A3EEF3 /* SupportingFiles */,
				8256512C241A6C9900B4875E /* Cell */,
				8231A415241A680F00A3EEF3 /* Model */,
				8231A414241A680600A3EEF3 /* View */,
				8231A413241A67E000A3EEF3 /* Controller */,
			);
			path = EspaceCollaboratif;
			sourceTree = "<group>";
		};
		8231A3F9241A65EE00A3EEF3 /* EspaceCollaboratifTests */ = {
			isa = PBXGroup;
			children = (
				8231A3FA241A65EE00A3EEF3 /* EspaceCollaboratifTests.swift */,
				8231A3FC241A65EE00A3EEF3 /* Info.plist */,
			);
			path = EspaceCollaboratifTests;
			sourceTree = "<group>";
		};
		8231A404241A65EF00A3EEF3 /* EspaceCollaboratifUITests */ = {
			isa = PBXGroup;
			children = (
				8231A405241A65EF00A3EEF3 /* EspaceCollaboratifUITests.swift */,
				8231A407241A65EF00A3EEF3 /* Info.plist */,
			);
			path = EspaceCollaboratifUITests;
			sourceTree = "<group>";
		};
		8231A413241A67E000A3EEF3 /* Controller */ = {
			isa = PBXGroup;
			children = (
				8231A3E4241A65EB00A3EEF3 /* ViewController.swift */,
				82565120241A695300B4875E /* RoomsViewController.swift */,
				91CB0A25242388410025752F /* AddRoomViewController.swift */,
				91E9CCCD243B523200804899 /* KeyCloakViewController.swift */,
			);
			path = Controller;
			sourceTree = "<group>";
		};
		8231A414241A680600A3EEF3 /* View */ = {
			isa = PBXGroup;
			children = (
				8231A3E6241A65EB00A3EEF3 /* Main.storyboard */,
				8231A3EE241A65EE00A3EEF3 /* LaunchScreen.storyboard */,
				82565125241A69FA00B4875E /* ColorRooms.swift */,
				918616602422433F008DF1D6 /* ConstantColor.swift */,
			);
			path = View;
			sourceTree = "<group>";
		};
		8231A415241A680F00A3EEF3 /* Model */ = {
			isa = PBXGroup;
			children = (
				8231A3E9241A65EB00A3EEF3 /* EspaceCollaboratif.xcdatamodeld */,
				825089B4241BB20D00B754EE /* Room.swift */,
				82125C5D241BDB44009817B7 /* Room1.swift */,
				82125C5F241BDBC5009817B7 /* User1.swift */,
				82125C61241BDC5A009817B7 /* Room2.swift */,
				918616622422438E008DF1D6 /* Movie.swift */,
				9105AB38243E07FB00C8CECF /* MessageChat.swift */,
				91CCA1592446009200790D0A /* msgtest.swift */,
			);
			path = Model;
			sourceTree = "<group>";
		};
		8231A416241A681D00A3EEF3 /* SupportingFiles */ = {
			isa = PBXGroup;
			children = (
				8231A3E2241A65EB00A3EEF3 /* SceneDelegate.swift */,
				8231A3E0241A65EB00A3EEF3 /* AppDelegate.swift */,
				8231A3EC241A65EE00A3EEF3 /* Assets.xcassets */,
			);
			path = SupportingFiles;
			sourceTree = "<group>";
		};
		8256512C241A6C9900B4875E /* Cell */ = {
			isa = PBXGroup;
			children = (
				82565122241A697C00B4875E /* RoomsTableViewCell.swift */,
				82565128241A6A1A00B4875E /* UserCollectionViewCell.swift */,
				82565139241A79EB00B4875E /* ChatTableViewCell.swift */,
				91F39FFC2424FB51009BDAD8 /* AddUserTableViewCell.swift */,
				91851C52243FF42F00D743B9 /* ChatReceptionTableViewCell.swift */,
				91CCA15B24460E4500790D0A /* corbeille.swift */,
			);
			path = Cell;
			sourceTree = "<group>";
		};
		861DC94FB8120BD7A5F9FA11 /* Pods */ = {
			isa = PBXGroup;
			children = (
				95FD83A3CAD325341D167A8F /* Pods-EspaceCollaboratif.debug.xcconfig */,
				070E473F4AE28A0025F3C5D6 /* Pods-EspaceCollaboratif.release.xcconfig */,
			);
			path = Pods;
			sourceTree = "<group>";
		};
/* End PBXGroup section */

/* Begin PBXNativeTarget section */
		8231A3DC241A65EB00A3EEF3 /* EspaceCollaboratif */ = {
			isa = PBXNativeTarget;
			buildConfigurationList = 8231A40A241A65EF00A3EEF3 /* Build configuration list for PBXNativeTarget "EspaceCollaboratif" */;
			buildPhases = (
				26FC89521C33C56199CB6820 /* [CP] Check Pods Manifest.lock */,
				8231A3D9241A65EB00A3EEF3 /* Sources */,
				8231A3DA241A65EB00A3EEF3 /* Frameworks */,
				8231A3DB241A65EB00A3EEF3 /* Resources */,
				56FE9C1B6F1CDF53E82DAC33 /* [CP] Embed Pods Frameworks */,
			);
			buildRules = (
			);
			dependencies = (
			);
			name = EspaceCollaboratif;
			productName = EspaceCollaboratif;
			productReference = 8231A3DD241A65EB00A3EEF3 /* EspaceCollaboratif.app */;
			productType = "com.apple.product-type.application";
		};
		8231A3F5241A65EE00A3EEF3 /* EspaceCollaboratifTests */ = {
			isa = PBXNativeTarget;
			buildConfigurationList = 8231A40D241A65EF00A3EEF3 /* Build configuration list for PBXNativeTarget "EspaceCollaboratifTests" */;
			buildPhases = (
				8231A3F2241A65EE00A3EEF3 /* Sources */,
				8231A3F3241A65EE00A3EEF3 /* Frameworks */,
				8231A3F4241A65EE00A3EEF3 /* Resources */,
			);
			buildRules = (
			);
			dependencies = (
				8231A3F8241A65EE00A3EEF3 /* PBXTargetDependency */,
			);
			name = EspaceCollaboratifTests;
			productName = EspaceCollaboratifTests;
			productReference = 8231A3F6241A65EE00A3EEF3 /* EspaceCollaboratifTests.xctest */;
			productType = "com.apple.product-type.bundle.unit-test";
		};
		8231A400241A65EF00A3EEF3 /* EspaceCollaboratifUITests */ = {
			isa = PBXNativeTarget;
			buildConfigurationList = 8231A410241A65EF00A3EEF3 /* Build configuration list for PBXNativeTarget "EspaceCollaboratifUITests" */;
			buildPhases = (
				8231A3FD241A65EF00A3EEF3 /* Sources */,
				8231A3FE241A65EF00A3EEF3 /* Frameworks */,
				8231A3FF241A65EF00A3EEF3 /* Resources */,
			);
			buildRules = (
			);
			dependencies = (
				8231A403241A65EF00A3EEF3 /* PBXTargetDependency */,
			);
			name = EspaceCollaboratifUITests;
			productName = EspaceCollaboratifUITests;
			productReference = 8231A401241A65EF00A3EEF3 /* EspaceCollaboratifUITests.xctest */;
			productType = "com.apple.product-type.bundle.ui-testing";
		};
/* End PBXNativeTarget section */

/* Begin PBXProject section */
		8231A3D5241A65EB00A3EEF3 /* Project object */ = {
			isa = PBXProject;
			attributes = {
				LastSwiftUpdateCheck = 1130;
				LastUpgradeCheck = 1130;
				ORGANIZATIONNAME = "mehdi drira";
				TargetAttributes = {
					8231A3DC241A65EB00A3EEF3 = {
						CreatedOnToolsVersion = 11.3;
					};
					8231A3F5241A65EE00A3EEF3 = {
						CreatedOnToolsVersion = 11.3;
						TestTargetID = 8231A3DC241A65EB00A3EEF3;
					};
					8231A400241A65EF00A3EEF3 = {
						CreatedOnToolsVersion = 11.3;
						TestTargetID = 8231A3DC241A65EB00A3EEF3;
					};
				};
			};
			buildConfigurationList = 8231A3D8241A65EB00A3EEF3 /* Build configuration list for PBXProject "EspaceCollaboratif" */;
			compatibilityVersion = "Xcode 9.3";
			developmentRegion = en;
			hasScannedForEncodings = 0;
			knownRegions = (
				en,
				Base,
			);
			mainGroup = 8231A3D4241A65EB00A3EEF3;
			productRefGroup = 8231A3DE241A65EB00A3EEF3 /* Products */;
			projectDirPath = "";
			projectRoot = "";
			targets = (
				8231A3DC241A65EB00A3EEF3 /* EspaceCollaboratif */,
				8231A3F5241A65EE00A3EEF3 /* EspaceCollaboratifTests */,
				8231A400241A65EF00A3EEF3 /* EspaceCollaboratifUITests */,
			);
		};
/* End PBXProject section */

/* Begin PBXResourcesBuildPhase section */
		8231A3DB241A65EB00A3EEF3 /* Resources */ = {
			isa = PBXResourcesBuildPhase;
			buildActionMask = 2147483647;
			files = (
				8231A3F0241A65EE00A3EEF3 /* LaunchScreen.storyboard in Resources */,
				8231A3ED241A65EE00A3EEF3 /* Assets.xcassets in Resources */,
				8231A3E8241A65EB00A3EEF3 /* Main.storyboard in Resources */,
			);
			runOnlyForDeploymentPostprocessing = 0;
		};
		8231A3F4241A65EE00A3EEF3 /* Resources */ = {
			isa = PBXResourcesBuildPhase;
			buildActionMask = 2147483647;
			files = (
			);
			runOnlyForDeploymentPostprocessing = 0;
		};
		8231A3FF241A65EF00A3EEF3 /* Resources */ = {
			isa = PBXResourcesBuildPhase;
			buildActionMask = 2147483647;
			files = (
			);
			runOnlyForDeploymentPostprocessing = 0;
		};
/* End PBXResourcesBuildPhase section */

/* Begin PBXShellScriptBuildPhase section */
		26FC89521C33C56199CB6820 /* [CP] Check Pods Manifest.lock */ = {
			isa = PBXShellScriptBuildPhase;
			buildActionMask = 2147483647;
			files = (
			);
			inputFileListPaths = (
			);
			inputPaths = (
				"${PODS_PODFILE_DIR_PATH}/Podfile.lock",
				"${PODS_ROOT}/Manifest.lock",
			);
			name = "[CP] Check Pods Manifest.lock";
			outputFileListPaths = (
			);
			outputPaths = (
				"$(DERIVED_FILE_DIR)/Pods-EspaceCollaboratif-checkManifestLockResult.txt",
			);
			runOnlyForDeploymentPostprocessing = 0;
			shellPath = /bin/sh;
			shellScript = "diff \"${PODS_PODFILE_DIR_PATH}/Podfile.lock\" \"${PODS_ROOT}/Manifest.lock\" > /dev/null\nif [ $? != 0 ] ; then\n    # print error to STDERR\n    echo \"error: The sandbox is not in sync with the Podfile.lock. Run 'pod install' or update your CocoaPods installation.\" >&2\n    exit 1\nfi\n# This output is used by Xcode 'outputs' to avoid re-running this script phase.\necho \"SUCCESS\" > \"${SCRIPT_OUTPUT_FILE_0}\"\n";
			showEnvVarsInLog = 0;
		};
		56FE9C1B6F1CDF53E82DAC33 /* [CP] Embed Pods Frameworks */ = {
			isa = PBXShellScriptBuildPhase;
			buildActionMask = 2147483647;
			files = (
			);
			inputFileListPaths = (
				"${PODS_ROOT}/Target Support Files/Pods-EspaceCollaboratif/Pods-EspaceCollaboratif-frameworks-${CONFIGURATION}-input-files.xcfilelist",
			);
			name = "[CP] Embed Pods Frameworks";
			outputFileListPaths = (
				"${PODS_ROOT}/Target Support Files/Pods-EspaceCollaboratif/Pods-EspaceCollaboratif-frameworks-${CONFIGURATION}-output-files.xcfilelist",
			);
			runOnlyForDeploymentPostprocessing = 0;
			shellPath = /bin/sh;
			shellScript = "\"${PODS_ROOT}/Target Support Files/Pods-EspaceCollaboratif/Pods-EspaceCollaboratif-frameworks.sh\"\n";
			showEnvVarsInLog = 0;
		};
/* End PBXShellScriptBuildPhase section */

/* Begin PBXSourcesBuildPhase section */
		8231A3D9241A65EB00A3EEF3 /* Sources */ = {
			isa = PBXSourcesBuildPhase;
			buildActionMask = 2147483647;
			files = (
				8231A3E5241A65EB00A3EEF3 /* ViewController.swift in Sources */,
				91E9CCCE243B523200804899 /* KeyCloakViewController.swift in Sources */,
				91CCA15C24460E4500790D0A /* corbeille.swift in Sources */,
				91F39FFF24253EBC009BDAD8 /* UserService.swift in Sources */,
				91861665242243DC008DF1D6 /* EventBus.swift in Sources */,
				82565121241A695300B4875E /* RoomsViewController.swift in Sources */,
				82565127241A69FA00B4875E /* ColorRooms.swift in Sources */,
				918616612422433F008DF1D6 /* ConstantColor.swift in Sources */,
				8231A3E1241A65EB00A3EEF3 /* AppDelegate.swift in Sources */,
				82125C65241BDCC9009817B7 /* RoomService.swift in Sources */,
				82125C5E241BDB44009817B7 /* Room1.swift in Sources */,
				8231A3EB241A65EB00A3EEF3 /* EspaceCollaboratif.xcdatamodeld in Sources */,
				8231A3E3241A65EB00A3EEF3 /* SceneDelegate.swift in Sources */,
				9131E512243D1EA10081B324 /* UserDefaultService.swift in Sources */,
				8256513A241A79EB00B4875E /* ChatTableViewCell.swift in Sources */,
				9186166F242244CF008DF1D6 /* Util.swift in Sources */,
				91CCA15A2446009200790D0A /* msgtest.swift in Sources */,
				82565123241A697C00B4875E /* RoomsTableViewCell.swift in Sources */,
				825089B5241BB20D00B754EE /* Room.swift in Sources */,
				91CB0A26242388410025752F /* AddRoomViewController.swift in Sources */,
				91CCA1582445F42000790D0A /* ChatPersist.swift in Sources */,
				9186166724224427008DF1D6 /* Message.swift in Sources */,
				91454AE5243BA41200039A0F /* NetworkMehdi.swift in Sources */,
				91F39FFD2424FB51009BDAD8 /* AddUserTableViewCell.swift in Sources */,
				82125C62241BDC5A009817B7 /* Room2.swift in Sources */,
				9186166D2422449E008DF1D6 /* Word.swift in Sources */,
				9153E3672422492200CAF859 /* Mutex.swift in Sources */,
				91851C53243FF42F00D743B9 /* ChatReceptionTableViewCell.swift in Sources */,
				9186166B24224481008DF1D6 /* Response.swift in Sources */,
				9105AB39243E07FB00C8CECF /* MessageChat.swift in Sources */,
				82125C60241BDBC5009817B7 /* User1.swift in Sources */,
				918616632422438E008DF1D6 /* Movie.swift in Sources */,
				82565129241A6A1A00B4875E /* UserCollectionViewCell.swift in Sources */,
			);
			runOnlyForDeploymentPostprocessing = 0;
		};
		8231A3F2241A65EE00A3EEF3 /* Sources */ = {
			isa = PBXSourcesBuildPhase;
			buildActionMask = 2147483647;
			files = (
				8231A3FB241A65EE00A3EEF3 /* EspaceCollaboratifTests.swift in Sources */,
			);
			runOnlyForDeploymentPostprocessing = 0;
		};
		8231A3FD241A65EF00A3EEF3 /* Sources */ = {
			isa = PBXSourcesBuildPhase;
			buildActionMask = 2147483647;
			files = (
				8231A406241A65EF00A3EEF3 /* EspaceCollaboratifUITests.swift in Sources */,
			);
			runOnlyForDeploymentPostprocessing = 0;
		};
/* End PBXSourcesBuildPhase section */

/* Begin PBXTargetDependency section */
		8231A3F8241A65EE00A3EEF3 /* PBXTargetDependency */ = {
			isa = PBXTargetDependency;
			target = 8231A3DC241A65EB00A3EEF3 /* EspaceCollaboratif */;
			targetProxy = 8231A3F7241A65EE00A3EEF3 /* PBXContainerItemProxy */;
		};
		8231A403241A65EF00A3EEF3 /* PBXTargetDependency */ = {
			isa = PBXTargetDependency;
			target = 8231A3DC241A65EB00A3EEF3 /* EspaceCollaboratif */;
			targetProxy = 8231A402241A65EF00A3EEF3 /* PBXContainerItemProxy */;
		};
/* End PBXTargetDependency section */

/* Begin PBXVariantGroup section */
		8231A3E6241A65EB00A3EEF3 /* Main.storyboard */ = {
			isa = PBXVariantGroup;
			children = (
				8231A3E7241A65EB00A3EEF3 /* Base */,
			);
			name = Main.storyboard;
			sourceTree = "<group>";
		};
		8231A3EE241A65EE00A3EEF3 /* LaunchScreen.storyboard */ = {
			isa = PBXVariantGroup;
			children = (
				8231A3EF241A65EE00A3EEF3 /* Base */,
			);
			name = LaunchScreen.storyboard;
			sourceTree = "<group>";
		};
/* End PBXVariantGroup section */

/* Begin XCBuildConfiguration section */
		8231A408241A65EF00A3EEF3 /* Debug */ = {
			isa = XCBuildConfiguration;
			buildSettings = {
				ALWAYS_SEARCH_USER_PATHS = NO;
				CLANG_ANALYZER_NONNULL = YES;
				CLANG_ANALYZER_NUMBER_OBJECT_CONVERSION = YES_AGGRESSIVE;
				CLANG_CXX_LANGUAGE_STANDARD = "gnu++14";
				CLANG_CXX_LIBRARY = "libc++";
				CLANG_ENABLE_MODULES = YES;
				CLANG_ENABLE_OBJC_ARC = YES;
				CLANG_ENABLE_OBJC_WEAK = YES;
				CLANG_WARN_BLOCK_CAPTURE_AUTORELEASING = YES;
				CLANG_WARN_BOOL_CONVERSION = YES;
				CLANG_WARN_COMMA = YES;
				CLANG_WARN_CONSTANT_CONVERSION = YES;
				CLANG_WARN_DEPRECATED_OBJC_IMPLEMENTATIONS = YES;
				CLANG_WARN_DIRECT_OBJC_ISA_USAGE = YES_ERROR;
				CLANG_WARN_DOCUMENTATION_COMMENTS = YES;
				CLANG_WARN_EMPTY_BODY = YES;
				CLANG_WARN_ENUM_CONVERSION = YES;
				CLANG_WARN_INFINITE_RECURSION = YES;
				CLANG_WARN_INT_CONVERSION = YES;
				CLANG_WARN_NON_LITERAL_NULL_CONVERSION = YES;
				CLANG_WARN_OBJC_IMPLICIT_RETAIN_SELF = YES;
				CLANG_WARN_OBJC_LITERAL_CONVERSION = YES;
				CLANG_WARN_OBJC_ROOT_CLASS = YES_ERROR;
				CLANG_WARN_RANGE_LOOP_ANALYSIS = YES;
				CLANG_WARN_STRICT_PROTOTYPES = YES;
				CLANG_WARN_SUSPICIOUS_MOVE = YES;
				CLANG_WARN_UNGUARDED_AVAILABILITY = YES_AGGRESSIVE;
				CLANG_WARN_UNREACHABLE_CODE = YES;
				CLANG_WARN__DUPLICATE_METHOD_MATCH = YES;
				COPY_PHASE_STRIP = NO;
				DEBUG_INFORMATION_FORMAT = dwarf;
				ENABLE_STRICT_OBJC_MSGSEND = YES;
				ENABLE_TESTABILITY = YES;
				GCC_C_LANGUAGE_STANDARD = gnu11;
				GCC_DYNAMIC_NO_PIC = NO;
				GCC_NO_COMMON_BLOCKS = YES;
				GCC_OPTIMIZATION_LEVEL = 0;
				GCC_PREPROCESSOR_DEFINITIONS = (
					"DEBUG=1",
					"$(inherited)",
				);
				GCC_WARN_64_TO_32_BIT_CONVERSION = YES;
				GCC_WARN_ABOUT_RETURN_TYPE = YES_ERROR;
				GCC_WARN_UNDECLARED_SELECTOR = YES;
				GCC_WARN_UNINITIALIZED_AUTOS = YES_AGGRESSIVE;
				GCC_WARN_UNUSED_FUNCTION = YES;
				GCC_WARN_UNUSED_VARIABLE = YES;
				IPHONEOS_DEPLOYMENT_TARGET = 12.4;
				MTL_ENABLE_DEBUG_INFO = INCLUDE_SOURCE;
				MTL_FAST_MATH = YES;
				ONLY_ACTIVE_ARCH = YES;
				SDKROOT = iphoneos;
				SWIFT_ACTIVE_COMPILATION_CONDITIONS = DEBUG;
				SWIFT_OPTIMIZATION_LEVEL = "-Onone";
			};
			name = Debug;
		};
		8231A409241A65EF00A3EEF3 /* Release */ = {
			isa = XCBuildConfiguration;
			buildSettings = {
				ALWAYS_SEARCH_USER_PATHS = NO;
				CLANG_ANALYZER_NONNULL = YES;
				CLANG_ANALYZER_NUMBER_OBJECT_CONVERSION = YES_AGGRESSIVE;
				CLANG_CXX_LANGUAGE_STANDARD = "gnu++14";
				CLANG_CXX_LIBRARY = "libc++";
				CLANG_ENABLE_MODULES = YES;
				CLANG_ENABLE_OBJC_ARC = YES;
				CLANG_ENABLE_OBJC_WEAK = YES;
				CLANG_WARN_BLOCK_CAPTURE_AUTORELEASING = YES;
				CLANG_WARN_BOOL_CONVERSION = YES;
				CLANG_WARN_COMMA = YES;
				CLANG_WARN_CONSTANT_CONVERSION = YES;
				CLANG_WARN_DEPRECATED_OBJC_IMPLEMENTATIONS = YES;
				CLANG_WARN_DIRECT_OBJC_ISA_USAGE = YES_ERROR;
				CLANG_WARN_DOCUMENTATION_COMMENTS = YES;
				CLANG_WARN_EMPTY_BODY = YES;
				CLANG_WARN_ENUM_CONVERSION = YES;
				CLANG_WARN_INFINITE_RECURSION = YES;
				CLANG_WARN_INT_CONVERSION = YES;
				CLANG_WARN_NON_LITERAL_NULL_CONVERSION = YES;
				CLANG_WARN_OBJC_IMPLICIT_RETAIN_SELF = YES;
				CLANG_WARN_OBJC_LITERAL_CONVERSION = YES;
				CLANG_WARN_OBJC_ROOT_CLASS = YES_ERROR;
				CLANG_WARN_RANGE_LOOP_ANALYSIS = YES;
				CLANG_WARN_STRICT_PROTOTYPES = YES;
				CLANG_WARN_SUSPICIOUS_MOVE = YES;
				CLANG_WARN_UNGUARDED_AVAILABILITY = YES_AGGRESSIVE;
				CLANG_WARN_UNREACHABLE_CODE = YES;
				CLANG_WARN__DUPLICATE_METHOD_MATCH = YES;
				COPY_PHASE_STRIP = NO;
				DEBUG_INFORMATION_FORMAT = "dwarf-with-dsym";
				ENABLE_NS_ASSERTIONS = NO;
				ENABLE_STRICT_OBJC_MSGSEND = YES;
				GCC_C_LANGUAGE_STANDARD = gnu11;
				GCC_NO_COMMON_BLOCKS = YES;
				GCC_WARN_64_TO_32_BIT_CONVERSION = YES;
				GCC_WARN_ABOUT_RETURN_TYPE = YES_ERROR;
				GCC_WARN_UNDECLARED_SELECTOR = YES;
				GCC_WARN_UNINITIALIZED_AUTOS = YES_AGGRESSIVE;
				GCC_WARN_UNUSED_FUNCTION = YES;
				GCC_WARN_UNUSED_VARIABLE = YES;
				IPHONEOS_DEPLOYMENT_TARGET = 12.4;
				MTL_ENABLE_DEBUG_INFO = NO;
				MTL_FAST_MATH = YES;
				SDKROOT = iphoneos;
				SWIFT_COMPILATION_MODE = wholemodule;
				SWIFT_OPTIMIZATION_LEVEL = "-O";
				VALIDATE_PRODUCT = YES;
			};
			name = Release;
		};
		8231A40B241A65EF00A3EEF3 /* Debug */ = {
			isa = XCBuildConfiguration;
			baseConfigurationReference = 95FD83A3CAD325341D167A8F /* Pods-EspaceCollaboratif.debug.xcconfig */;
			buildSettings = {
				ASSETCATALOG_COMPILER_APPICON_NAME = AppIcon;
				CODE_SIGN_STYLE = Automatic;
				DEVELOPMENT_TEAM = WP8BP28JA8;
				ENABLE_BITCODE = NO;
				INFOPLIST_FILE = EspaceCollaboratif/Info.plist;
				LD_RUNPATH_SEARCH_PATHS = (
					"$(inherited)",
					"@executable_path/Frameworks",
				);
				PRODUCT_BUNDLE_IDENTIFIER = com.accretio.espacecollaboratif.EspaceCollaboratif;
				PRODUCT_NAME = "$(TARGET_NAME)";
				SWIFT_VERSION = 5.0;
				TARGETED_DEVICE_FAMILY = "1,2";
			};
			name = Debug;
		};
		8231A40C241A65EF00A3EEF3 /* Release */ = {
			isa = XCBuildConfiguration;
			baseConfigurationReference = 070E473F4AE28A0025F3C5D6 /* Pods-EspaceCollaboratif.release.xcconfig */;
			buildSettings = {
				ASSETCATALOG_COMPILER_APPICON_NAME = AppIcon;
				CODE_SIGN_STYLE = Automatic;
				DEVELOPMENT_TEAM = WP8BP28JA8;
				ENABLE_BITCODE = NO;
				INFOPLIST_FILE = EspaceCollaboratif/Info.plist;
				LD_RUNPATH_SEARCH_PATHS = (
					"$(inherited)",
					"@executable_path/Frameworks",
				);
				PRODUCT_BUNDLE_IDENTIFIER = com.accretio.espacecollaboratif.EspaceCollaboratif;
				PRODUCT_NAME = "$(TARGET_NAME)";
				SWIFT_VERSION = 5.0;
				TARGETED_DEVICE_FAMILY = "1,2";
			};
			name = Release;
		};
		8231A40E241A65EF00A3EEF3 /* Debug */ = {
			isa = XCBuildConfiguration;
			buildSettings = {
				ALWAYS_EMBED_SWIFT_STANDARD_LIBRARIES = YES;
				BUNDLE_LOADER = "$(TEST_HOST)";
				CODE_SIGN_STYLE = Automatic;
				DEVELOPMENT_TEAM = WP8BP28JA8;
				INFOPLIST_FILE = EspaceCollaboratifTests/Info.plist;
				IPHONEOS_DEPLOYMENT_TARGET = 13.2;
				LD_RUNPATH_SEARCH_PATHS = (
					"$(inherited)",
					"@executable_path/Frameworks",
					"@loader_path/Frameworks",
				);
				PRODUCT_BUNDLE_IDENTIFIER = com.accretio.espacecollaboratif.EspaceCollaboratifTests;
				PRODUCT_NAME = "$(TARGET_NAME)";
				SWIFT_VERSION = 5.0;
				TARGETED_DEVICE_FAMILY = "1,2";
				TEST_HOST = "$(BUILT_PRODUCTS_DIR)/EspaceCollaboratif.app/EspaceCollaboratif";
			};
			name = Debug;
		};
		8231A40F241A65EF00A3EEF3 /* Release */ = {
			isa = XCBuildConfiguration;
			buildSettings = {
				ALWAYS_EMBED_SWIFT_STANDARD_LIBRARIES = YES;
				BUNDLE_LOADER = "$(TEST_HOST)";
				CODE_SIGN_STYLE = Automatic;
				DEVELOPMENT_TEAM = WP8BP28JA8;
				INFOPLIST_FILE = EspaceCollaboratifTests/Info.plist;
				IPHONEOS_DEPLOYMENT_TARGET = 13.2;
				LD_RUNPATH_SEARCH_PATHS = (
					"$(inherited)",
					"@executable_path/Frameworks",
					"@loader_path/Frameworks",
				);
				PRODUCT_BUNDLE_IDENTIFIER = com.accretio.espacecollaboratif.EspaceCollaboratifTests;
				PRODUCT_NAME = "$(TARGET_NAME)";
				SWIFT_VERSION = 5.0;
				TARGETED_DEVICE_FAMILY = "1,2";
				TEST_HOST = "$(BUILT_PRODUCTS_DIR)/EspaceCollaboratif.app/EspaceCollaboratif";
			};
			name = Release;
		};
		8231A411241A65EF00A3EEF3 /* Debug */ = {
			isa = XCBuildConfiguration;
			buildSettings = {
				ALWAYS_EMBED_SWIFT_STANDARD_LIBRARIES = YES;
				CODE_SIGN_STYLE = Automatic;
				DEVELOPMENT_TEAM = WP8BP28JA8;
				INFOPLIST_FILE = EspaceCollaboratifUITests/Info.plist;
				LD_RUNPATH_SEARCH_PATHS = (
					"$(inherited)",
					"@executable_path/Frameworks",
					"@loader_path/Frameworks",
				);
				PRODUCT_BUNDLE_IDENTIFIER = com.accretio.espacecollaboratif.EspaceCollaboratifUITests;
				PRODUCT_NAME = "$(TARGET_NAME)";
				SWIFT_VERSION = 5.0;
				TARGETED_DEVICE_FAMILY = "1,2";
				TEST_TARGET_NAME = EspaceCollaboratif;
			};
			name = Debug;
		};
		8231A412241A65EF00A3EEF3 /* Release */ = {
			isa = XCBuildConfiguration;
			buildSettings = {
				ALWAYS_EMBED_SWIFT_STANDARD_LIBRARIES = YES;
				CODE_SIGN_STYLE = Automatic;
				DEVELOPMENT_TEAM = WP8BP28JA8;
				INFOPLIST_FILE = EspaceCollaboratifUITests/Info.plist;
				LD_RUNPATH_SEARCH_PATHS = (
					"$(inherited)",
					"@executable_path/Frameworks",
					"@loader_path/Frameworks",
				);
				PRODUCT_BUNDLE_IDENTIFIER = com.accretio.espacecollaboratif.EspaceCollaboratifUITests;
				PRODUCT_NAME = "$(TARGET_NAME)";
				SWIFT_VERSION = 5.0;
				TARGETED_DEVICE_FAMILY = "1,2";
				TEST_TARGET_NAME = EspaceCollaboratif;
			};
			name = Release;
		};
/* End XCBuildConfiguration section */

/* Begin XCConfigurationList section */
		8231A3D8241A65EB00A3EEF3 /* Build configuration list for PBXProject "EspaceCollaboratif" */ = {
			isa = XCConfigurationList;
			buildConfigurations = (
				8231A408241A65EF00A3EEF3 /* Debug */,
				8231A409241A65EF00A3EEF3 /* Release */,
			);
			defaultConfigurationIsVisible = 0;
			defaultConfigurationName = Release;
		};
		8231A40A241A65EF00A3EEF3 /* Build configuration list for PBXNativeTarget "EspaceCollaboratif" */ = {
			isa = XCConfigurationList;
			buildConfigurations = (
				8231A40B241A65EF00A3EEF3 /* Debug */,
				8231A40C241A65EF00A3EEF3 /* Release */,
			);
			defaultConfigurationIsVisible = 0;
			defaultConfigurationName = Release;
		};
		8231A40D241A65EF00A3EEF3 /* Build configuration list for PBXNativeTarget "EspaceCollaboratifTests" */ = {
			isa = XCConfigurationList;
			buildConfigurations = (
				8231A40E241A65EF00A3EEF3 /* Debug */,
				8231A40F241A65EF00A3EEF3 /* Release */,
			);
			defaultConfigurationIsVisible = 0;
			defaultConfigurationName = Release;
		};
		8231A410241A65EF00A3EEF3 /* Build configuration list for PBXNativeTarget "EspaceCollaboratifUITests" */ = {
			isa = XCConfigurationList;
			buildConfigurations = (
				8231A411241A65EF00A3EEF3 /* Debug */,
				8231A412241A65EF00A3EEF3 /* Release */,
			);
			defaultConfigurationIsVisible = 0;
			defaultConfigurationName = Release;
		};
/* End XCConfigurationList section */

/* Begin XCVersionGroup section */
		8231A3E9241A65EB00A3EEF3 /* EspaceCollaboratif.xcdatamodeld */ = {
			isa = XCVersionGroup;
			children = (
				8231A3EA241A65EB00A3EEF3 /* EspaceCollaboratif.xcdatamodel */,
			);
			currentVersion = 8231A3EA241A65EB00A3EEF3 /* EspaceCollaboratif.xcdatamodel */;
			path = EspaceCollaboratif.xcdatamodeld;
			sourceTree = "<group>";
			versionGroupType = wrapper.xcdatamodel;
		};
/* End XCVersionGroup section */
	};
	rootObject = 8231A3D5241A65EB00A3EEF3 /* Project object */;
}
