// !$*UTF8*$!
{
	archiveVersion = 1;
	classes = {
	};
	objectVersion = 51;
	objects = {

/* Begin PBXBuildFile section */
		1A628816FC5283D7E2FAB758 /* Pods_Espace_Collaboratif.framework in Frameworks */ = {isa = PBXBuildFile; fileRef = B48386D4104445DA38D1184E /* Pods_Espace_Collaboratif.framework */; };
		9103F80124D9BA3300587112 /* HomePresenter.swift in Sources */ = {isa = PBXBuildFile; fileRef = 9103F7FB24D9BA3300587112 /* HomePresenter.swift */; };
		9103F80224D9BA3300587112 /* HomeWorker.swift in Sources */ = {isa = PBXBuildFile; fileRef = 9103F7FC24D9BA3300587112 /* HomeWorker.swift */; };
		9103F80324D9BA3300587112 /* HomeRouter.swift in Sources */ = {isa = PBXBuildFile; fileRef = 9103F7FD24D9BA3300587112 /* HomeRouter.swift */; };
		9103F80424D9BA3300587112 /* HomeModels.swift in Sources */ = {isa = PBXBuildFile; fileRef = 9103F7FE24D9BA3300587112 /* HomeModels.swift */; };
		9103F80524D9BA3300587112 /* HomeViewController.swift in Sources */ = {isa = PBXBuildFile; fileRef = 9103F7FF24D9BA3300587112 /* HomeViewController.swift */; };
		9103F80624D9BA3300587112 /* HomeInteractor.swift in Sources */ = {isa = PBXBuildFile; fileRef = 9103F80024D9BA3300587112 /* HomeInteractor.swift */; };
		9103F80E24D9DB0B00587112 /* TopicPresenter.swift in Sources */ = {isa = PBXBuildFile; fileRef = 9103F80824D9DB0B00587112 /* TopicPresenter.swift */; };
		9103F80F24D9DB0B00587112 /* TopicWorker.swift in Sources */ = {isa = PBXBuildFile; fileRef = 9103F80924D9DB0B00587112 /* TopicWorker.swift */; };
		9103F81024D9DB0B00587112 /* TopicRouter.swift in Sources */ = {isa = PBXBuildFile; fileRef = 9103F80A24D9DB0B00587112 /* TopicRouter.swift */; };
		9103F81124D9DB0B00587112 /* TopicModels.swift in Sources */ = {isa = PBXBuildFile; fileRef = 9103F80B24D9DB0B00587112 /* TopicModels.swift */; };
		9103F81224D9DB0B00587112 /* TopicViewController.swift in Sources */ = {isa = PBXBuildFile; fileRef = 9103F80C24D9DB0B00587112 /* TopicViewController.swift */; };
		9103F81324D9DB0B00587112 /* TopicInteractor.swift in Sources */ = {isa = PBXBuildFile; fileRef = 9103F80D24D9DB0B00587112 /* TopicInteractor.swift */; };
		9103F81524D9DDF000587112 /* TopicTableViewCell.swift in Sources */ = {isa = PBXBuildFile; fileRef = 9103F81424D9DDF000587112 /* TopicTableViewCell.swift */; };
		9127F7FE24B3F84F0091968A /* AddSondagePresenter.swift in Sources */ = {isa = PBXBuildFile; fileRef = 9127F7F824B3F84F0091968A /* AddSondagePresenter.swift */; };
		9127F7FF24B3F84F0091968A /* AddSondageWorker.swift in Sources */ = {isa = PBXBuildFile; fileRef = 9127F7F924B3F84F0091968A /* AddSondageWorker.swift */; };
		9127F80024B3F84F0091968A /* AddSondageRouter.swift in Sources */ = {isa = PBXBuildFile; fileRef = 9127F7FA24B3F84F0091968A /* AddSondageRouter.swift */; };
		9127F80124B3F84F0091968A /* AddSondageModels.swift in Sources */ = {isa = PBXBuildFile; fileRef = 9127F7FB24B3F84F0091968A /* AddSondageModels.swift */; };
		9127F80224B3F84F0091968A /* AddSondageViewController.swift in Sources */ = {isa = PBXBuildFile; fileRef = 9127F7FC24B3F84F0091968A /* AddSondageViewController.swift */; };
		9127F80324B3F84F0091968A /* AddSondageInteractor.swift in Sources */ = {isa = PBXBuildFile; fileRef = 9127F7FD24B3F84F0091968A /* AddSondageInteractor.swift */; };
		913C420A24DB327600DDFC5D /* TagCollectionViewCell.swift in Sources */ = {isa = PBXBuildFile; fileRef = 913C420924DB327600DDFC5D /* TagCollectionViewCell.swift */; };
		913EBB16245512DB00A40CA9 /* UserDefaultLogged.swift in Sources */ = {isa = PBXBuildFile; fileRef = 913EBB15245512DB00A40CA9 /* UserDefaultLogged.swift */; };
		9145041724DCE5C000DA85B0 /* DetailTopicPresenter.swift in Sources */ = {isa = PBXBuildFile; fileRef = 9145041124DCE5C000DA85B0 /* DetailTopicPresenter.swift */; };
		9145041824DCE5C000DA85B0 /* DetailTopicWorker.swift in Sources */ = {isa = PBXBuildFile; fileRef = 9145041224DCE5C000DA85B0 /* DetailTopicWorker.swift */; };
		9145041924DCE5C000DA85B0 /* DetailTopicRouter.swift in Sources */ = {isa = PBXBuildFile; fileRef = 9145041324DCE5C000DA85B0 /* DetailTopicRouter.swift */; };
		9145041A24DCE5C000DA85B0 /* DetailTopicModels.swift in Sources */ = {isa = PBXBuildFile; fileRef = 9145041424DCE5C000DA85B0 /* DetailTopicModels.swift */; };
		9145041B24DCE5C000DA85B0 /* DetailTopicViewController.swift in Sources */ = {isa = PBXBuildFile; fileRef = 9145041524DCE5C000DA85B0 /* DetailTopicViewController.swift */; };
		9145041C24DCE5C000DA85B0 /* DetailTopicInteractor.swift in Sources */ = {isa = PBXBuildFile; fileRef = 9145041624DCE5C000DA85B0 /* DetailTopicInteractor.swift */; };
		914DD34B24AEC5E400F11C33 /* Choix.swift in Sources */ = {isa = PBXBuildFile; fileRef = 914DD34A24AEC5E400F11C33 /* Choix.swift */; };
		914DD34E24AECD0000F11C33 /* SondageTableViewCell.swift in Sources */ = {isa = PBXBuildFile; fileRef = 914DD34D24AECD0000F11C33 /* SondageTableViewCell.swift */; };
		914DD35024AECD2100F11C33 /* ChoixSondageCollectionViewCell.swift in Sources */ = {isa = PBXBuildFile; fileRef = 914DD34F24AECD2100F11C33 /* ChoixSondageCollectionViewCell.swift */; };
		914E1E7C24DA35FF001BC09F /* Topic1.swift in Sources */ = {isa = PBXBuildFile; fileRef = 914E1E7B24DA35FF001BC09F /* Topic1.swift */; };
		914E1E7E24DA36A8001BC09F /* Tag.swift in Sources */ = {isa = PBXBuildFile; fileRef = 914E1E7D24DA36A8001BC09F /* Tag.swift */; };
		914E1E8024DA3D68001BC09F /* TopicEndPoints.swift in Sources */ = {isa = PBXBuildFile; fileRef = 914E1E7F24DA3D68001BC09F /* TopicEndPoints.swift */; };
		914E1E8224DA5BEC001BC09F /* TopicService.swift in Sources */ = {isa = PBXBuildFile; fileRef = 914E1E8124DA5BEC001BC09F /* TopicService.swift */; };
		9151A639248F31C30068B55A /* ReactionsPresenter.swift in Sources */ = {isa = PBXBuildFile; fileRef = 9151A633248F31C30068B55A /* ReactionsPresenter.swift */; };
		9151A63A248F31C30068B55A /* ReactionsWorker.swift in Sources */ = {isa = PBXBuildFile; fileRef = 9151A634248F31C30068B55A /* ReactionsWorker.swift */; };
		9151A63B248F31C30068B55A /* ReactionsRouter.swift in Sources */ = {isa = PBXBuildFile; fileRef = 9151A635248F31C30068B55A /* ReactionsRouter.swift */; };
		9151A63C248F31C30068B55A /* ReactionsModels.swift in Sources */ = {isa = PBXBuildFile; fileRef = 9151A636248F31C30068B55A /* ReactionsModels.swift */; };
		9151A63D248F31C30068B55A /* ReactionsViewController.swift in Sources */ = {isa = PBXBuildFile; fileRef = 9151A637248F31C30068B55A /* ReactionsViewController.swift */; };
		9151A63E248F31C30068B55A /* ReactionsInteractor.swift in Sources */ = {isa = PBXBuildFile; fileRef = 9151A638248F31C30068B55A /* ReactionsInteractor.swift */; };
		9151A640248F31E80068B55A /* ReactionTableViewCell.swift in Sources */ = {isa = PBXBuildFile; fileRef = 9151A63F248F31E80068B55A /* ReactionTableViewCell.swift */; };
		9151A642248F32140068B55A /* Reaction.swift in Sources */ = {isa = PBXBuildFile; fileRef = 9151A641248F32140068B55A /* Reaction.swift */; };
		91592C78245B62F000E88133 /* MessengerPresenter.swift in Sources */ = {isa = PBXBuildFile; fileRef = 91592C72245B62F000E88133 /* MessengerPresenter.swift */; };
		91592C79245B62F000E88133 /* MessengerWorker.swift in Sources */ = {isa = PBXBuildFile; fileRef = 91592C73245B62F000E88133 /* MessengerWorker.swift */; };
		91592C7A245B62F000E88133 /* MessengerRouter.swift in Sources */ = {isa = PBXBuildFile; fileRef = 91592C74245B62F000E88133 /* MessengerRouter.swift */; };
		91592C7B245B62F000E88133 /* MessengerModels.swift in Sources */ = {isa = PBXBuildFile; fileRef = 91592C75245B62F000E88133 /* MessengerModels.swift */; };
		91592C7C245B62F000E88133 /* MessengerViewController.swift in Sources */ = {isa = PBXBuildFile; fileRef = 91592C76245B62F000E88133 /* MessengerViewController.swift */; };
		91592C7D245B62F000E88133 /* MessengerInteractor.swift in Sources */ = {isa = PBXBuildFile; fileRef = 91592C77245B62F000E88133 /* MessengerInteractor.swift */; };
		91656A9624691A5700802907 /* Espace_Collaboratif.xcdatamodeld in Sources */ = {isa = PBXBuildFile; fileRef = 91656A9424691A5700802907 /* Espace_Collaboratif.xcdatamodeld */; };
		91656A9824691B7A00802907 /* RoomCoreData.swift in Sources */ = {isa = PBXBuildFile; fileRef = 91656A9724691B7A00802907 /* RoomCoreData.swift */; };
		91656A9A2469374600802907 /* Reachability.swift in Sources */ = {isa = PBXBuildFile; fileRef = 91656A992469374600802907 /* Reachability.swift */; };
		9166742124B5D19A00A5E687 /* VoteSondagePresenter.swift in Sources */ = {isa = PBXBuildFile; fileRef = 9166741B24B5D19A00A5E687 /* VoteSondagePresenter.swift */; };
		9166742224B5D19A00A5E687 /* VoteSondageWorker.swift in Sources */ = {isa = PBXBuildFile; fileRef = 9166741C24B5D19A00A5E687 /* VoteSondageWorker.swift */; };
		9166742324B5D19A00A5E687 /* VoteSondageRouter.swift in Sources */ = {isa = PBXBuildFile; fileRef = 9166741D24B5D19A00A5E687 /* VoteSondageRouter.swift */; };
		9166742424B5D19A00A5E687 /* VoteSondageModels.swift in Sources */ = {isa = PBXBuildFile; fileRef = 9166741E24B5D19A00A5E687 /* VoteSondageModels.swift */; };
		9166742524B5D19A00A5E687 /* VoteSondageViewController.swift in Sources */ = {isa = PBXBuildFile; fileRef = 9166741F24B5D19A00A5E687 /* VoteSondageViewController.swift */; };
		9166742624B5D19A00A5E687 /* VoteSondageInteractor.swift in Sources */ = {isa = PBXBuildFile; fileRef = 9166742024B5D19A00A5E687 /* VoteSondageInteractor.swift */; };
		9166742A24B5D1C800A5E687 /* VoteTableViewCell.swift in Sources */ = {isa = PBXBuildFile; fileRef = 9166742824B5D1C800A5E687 /* VoteTableViewCell.swift */; };
		9166742B24B5D1C800A5E687 /* VoteTableViewCell.xib in Resources */ = {isa = PBXBuildFile; fileRef = 9166742924B5D1C800A5E687 /* VoteTableViewCell.xib */; };
		916ACE4D2464E19E00498285 /* TextSenderCell.swift in Sources */ = {isa = PBXBuildFile; fileRef = 916ACE4B2464E19E00498285 /* TextSenderCell.swift */; };
		916ACE4E2464E19E00498285 /* TextSenderCell.xib in Resources */ = {isa = PBXBuildFile; fileRef = 916ACE4C2464E19E00498285 /* TextSenderCell.xib */; };
		916ACE512464E1B500498285 /* TextReceiverCell.swift in Sources */ = {isa = PBXBuildFile; fileRef = 916ACE4F2464E1B500498285 /* TextReceiverCell.swift */; };
		916ACE522464E1B500498285 /* TextReceiverCell.xib in Resources */ = {isa = PBXBuildFile; fileRef = 916ACE502464E1B500498285 /* TextReceiverCell.xib */; };
		916ACE552464E1DD00498285 /* ImageSenderCell.swift in Sources */ = {isa = PBXBuildFile; fileRef = 916ACE532464E1DD00498285 /* ImageSenderCell.swift */; };
		916ACE562464E1DD00498285 /* ImageSenderCell.xib in Resources */ = {isa = PBXBuildFile; fileRef = 916ACE542464E1DD00498285 /* ImageSenderCell.xib */; };
		916ACE592464E1FE00498285 /* ImageReceiverCell.swift in Sources */ = {isa = PBXBuildFile; fileRef = 916ACE572464E1FE00498285 /* ImageReceiverCell.swift */; };
		916ACE5A2464E1FE00498285 /* ImageReceiverCell.xib in Resources */ = {isa = PBXBuildFile; fileRef = 916ACE582464E1FE00498285 /* ImageReceiverCell.xib */; };
		918574E5245D2A4D00F54DAE /* corbeille.swift in Sources */ = {isa = PBXBuildFile; fileRef = 918574E4245D2A4D00F54DAE /* corbeille.swift */; };
		919A846B245A328B0094CE42 /* AddRoomPresenter.swift in Sources */ = {isa = PBXBuildFile; fileRef = 919A8465245A328B0094CE42 /* AddRoomPresenter.swift */; };
		919A846C245A328B0094CE42 /* AddRoomWorker.swift in Sources */ = {isa = PBXBuildFile; fileRef = 919A8466245A328B0094CE42 /* AddRoomWorker.swift */; };
		919A846D245A328B0094CE42 /* AddRoomRouter.swift in Sources */ = {isa = PBXBuildFile; fileRef = 919A8467245A328B0094CE42 /* AddRoomRouter.swift */; };
		919A846E245A328B0094CE42 /* AddRoomModels.swift in Sources */ = {isa = PBXBuildFile; fileRef = 919A8468245A328B0094CE42 /* AddRoomModels.swift */; };
		919A846F245A328B0094CE42 /* AddRoomViewController.swift in Sources */ = {isa = PBXBuildFile; fileRef = 919A8469245A328B0094CE42 /* AddRoomViewController.swift */; };
		919A8470245A328B0094CE42 /* AddRoomInteractor.swift in Sources */ = {isa = PBXBuildFile; fileRef = 919A846A245A328B0094CE42 /* AddRoomInteractor.swift */; };
		919A8472245A43E20094CE42 /* UsersTableViewCell.swift in Sources */ = {isa = PBXBuildFile; fileRef = 919A8471245A43E20094CE42 /* UsersTableViewCell.swift */; };
		919A8475245AA7140094CE42 /* Messenger1.swift in Sources */ = {isa = PBXBuildFile; fileRef = 919A8474245AA7140094CE42 /* Messenger1.swift */; };
		91A37587245388F200854ADE /* Room1.swift in Sources */ = {isa = PBXBuildFile; fileRef = 91A37586245388F200854ADE /* Room1.swift */; };
		91A375892453892100854ADE /* User.swift in Sources */ = {isa = PBXBuildFile; fileRef = 91A375882453892100854ADE /* User.swift */; };
		91A3759624538B4D00854ADE /* RoomPresenter.swift in Sources */ = {isa = PBXBuildFile; fileRef = 91A3759024538B4D00854ADE /* RoomPresenter.swift */; };
		91A3759724538B4D00854ADE /* RoomWorker.swift in Sources */ = {isa = PBXBuildFile; fileRef = 91A3759124538B4D00854ADE /* RoomWorker.swift */; };
		91A3759824538B4D00854ADE /* RoomRouter.swift in Sources */ = {isa = PBXBuildFile; fileRef = 91A3759224538B4D00854ADE /* RoomRouter.swift */; };
		91A3759924538B4D00854ADE /* RoomModels.swift in Sources */ = {isa = PBXBuildFile; fileRef = 91A3759324538B4D00854ADE /* RoomModels.swift */; };
		91A3759A24538B4D00854ADE /* RoomViewController.swift in Sources */ = {isa = PBXBuildFile; fileRef = 91A3759424538B4D00854ADE /* RoomViewController.swift */; };
		91A3759B24538B4D00854ADE /* RoomInteractor.swift in Sources */ = {isa = PBXBuildFile; fileRef = 91A3759524538B4D00854ADE /* RoomInteractor.swift */; };
		91A3759E24538D5600854ADE /* RoomAPIClient.swift in Sources */ = {isa = PBXBuildFile; fileRef = 91A3759D24538D5600854ADE /* RoomAPIClient.swift */; };
		91A375A024538DE900854ADE /* Constants.swift in Sources */ = {isa = PBXBuildFile; fileRef = 91A3759F24538DE900854ADE /* Constants.swift */; };
		91A375A224538E1300854ADE /* APIConfiguration.swift in Sources */ = {isa = PBXBuildFile; fileRef = 91A375A124538E1300854ADE /* APIConfiguration.swift */; };
		91A375A424538E2400854ADE /* APIClient.swift in Sources */ = {isa = PBXBuildFile; fileRef = 91A375A324538E2400854ADE /* APIClient.swift */; };
		91A375A624539D9000854ADE /* RoomsEndPoints.swift in Sources */ = {isa = PBXBuildFile; fileRef = 91A375A524539D9000854ADE /* RoomsEndPoints.swift */; };
		91A375A82453B6E600854ADE /* RoomsTableViewCell.swift in Sources */ = {isa = PBXBuildFile; fileRef = 91A375A72453B6E600854ADE /* RoomsTableViewCell.swift */; };
		91A375AA2453B80600854ADE /* ConstantColor.swift in Sources */ = {isa = PBXBuildFile; fileRef = 91A375A92453B80600854ADE /* ConstantColor.swift */; };
		91A3961E245386A5005F43F4 /* AppDelegate.swift in Sources */ = {isa = PBXBuildFile; fileRef = 91A3961D245386A5005F43F4 /* AppDelegate.swift */; };
		91A39620245386A5005F43F4 /* SceneDelegate.swift in Sources */ = {isa = PBXBuildFile; fileRef = 91A3961F245386A5005F43F4 /* SceneDelegate.swift */; };
		91A39622245386A5005F43F4 /* ViewController.swift in Sources */ = {isa = PBXBuildFile; fileRef = 91A39621245386A5005F43F4 /* ViewController.swift */; };
		91A39625245386A5005F43F4 /* Main.storyboard in Resources */ = {isa = PBXBuildFile; fileRef = 91A39623245386A5005F43F4 /* Main.storyboard */; };
		91A3962A245386A7005F43F4 /* Assets.xcassets in Resources */ = {isa = PBXBuildFile; fileRef = 91A39629245386A7005F43F4 /* Assets.xcassets */; };
		91A3962D245386A7005F43F4 /* LaunchScreen.storyboard in Resources */ = {isa = PBXBuildFile; fileRef = 91A3962B245386A7005F43F4 /* LaunchScreen.storyboard */; };
		91A6A619245B9AA0004F0C3D /* EventBus.swift in Sources */ = {isa = PBXBuildFile; fileRef = 91A6A618245B9AA0004F0C3D /* EventBus.swift */; };
		91A6A61B245B9AAB004F0C3D /* Mutex.swift in Sources */ = {isa = PBXBuildFile; fileRef = 91A6A61A245B9AAB004F0C3D /* Mutex.swift */; };
		91A6A61D245B9AB9004F0C3D /* Message.swift in Sources */ = {isa = PBXBuildFile; fileRef = 91A6A61C245B9AB9004F0C3D /* Message.swift */; };
		91A6A61F245B9AC9004F0C3D /* Util.swift in Sources */ = {isa = PBXBuildFile; fileRef = 91A6A61E245B9AC9004F0C3D /* Util.swift */; };
		91A6A621245B9AD6004F0C3D /* Response.swift in Sources */ = {isa = PBXBuildFile; fileRef = 91A6A620245B9AD6004F0C3D /* Response.swift */; };
		91A6A623245B9B09004F0C3D /* Word.swift in Sources */ = {isa = PBXBuildFile; fileRef = 91A6A622245B9B09004F0C3D /* Word.swift */; };
		91ABB940246AC011001C8CBB /* MessageCoreData.swift in Sources */ = {isa = PBXBuildFile; fileRef = 91ABB93F246AC011001C8CBB /* MessageCoreData.swift */; };
		91C0B8B5245E6A4D0059F675 /* EventBusApiClient.swift in Sources */ = {isa = PBXBuildFile; fileRef = 91C0B8B4245E6A4D0059F675 /* EventBusApiClient.swift */; };
		91C0B8BA245E7C170059F675 /* EventBusApiClientTest.swift in Sources */ = {isa = PBXBuildFile; fileRef = 91C0B8B9245E7C170059F675 /* EventBusApiClientTest.swift */; };
		91C1728C245485E000588967 /* UserCollectionViewCell.swift in Sources */ = {isa = PBXBuildFile; fileRef = 91C1728B245485E000588967 /* UserCollectionViewCell.swift */; };
		91C7ED2F24E195A900D0D8D2 /* ReplyTableViewCell.swift in Sources */ = {isa = PBXBuildFile; fileRef = 91C7ED2E24E195A900D0D8D2 /* ReplyTableViewCell.swift */; };
		91C7ED3124E1976A00D0D8D2 /* ReplyService.swift in Sources */ = {isa = PBXBuildFile; fileRef = 91C7ED3024E1976A00D0D8D2 /* ReplyService.swift */; };
		91C7ED3324E1988F00D0D8D2 /* Reply1.swift in Sources */ = {isa = PBXBuildFile; fileRef = 91C7ED3224E1988F00D0D8D2 /* Reply1.swift */; };
		91F0E8962466D0AE00B7808A /* NetworkStatus.swift in Sources */ = {isa = PBXBuildFile; fileRef = 91F0E8952466D0AD00B7808A /* NetworkStatus.swift */; };
		91F13ECD24E418BD00320364 /* ConnectRoomEventBus.swift in Sources */ = {isa = PBXBuildFile; fileRef = 91F13ECC24E418BD00320364 /* ConnectRoomEventBus.swift */; };
		91F7B03A2454DD5400AA3974 /* LoginPresenter.swift in Sources */ = {isa = PBXBuildFile; fileRef = 91F7B0342454DD5400AA3974 /* LoginPresenter.swift */; };
		91F7B03B2454DD5400AA3974 /* LoginWorker.swift in Sources */ = {isa = PBXBuildFile; fileRef = 91F7B0352454DD5400AA3974 /* LoginWorker.swift */; };
		91F7B03C2454DD5400AA3974 /* LoginRouter.swift in Sources */ = {isa = PBXBuildFile; fileRef = 91F7B0362454DD5400AA3974 /* LoginRouter.swift */; };
		91F7B03D2454DD5400AA3974 /* LoginModels.swift in Sources */ = {isa = PBXBuildFile; fileRef = 91F7B0372454DD5400AA3974 /* LoginModels.swift */; };
		91F7B03E2454DD5400AA3974 /* LoginViewController.swift in Sources */ = {isa = PBXBuildFile; fileRef = 91F7B0382454DD5400AA3974 /* LoginViewController.swift */; };
		91F7B03F2454DD5400AA3974 /* LoginInteractor.swift in Sources */ = {isa = PBXBuildFile; fileRef = 91F7B0392454DD5400AA3974 /* LoginInteractor.swift */; };
		91F7B0422454F2D800AA3974 /* UserAPIClient.swift in Sources */ = {isa = PBXBuildFile; fileRef = 91F7B0412454F2D800AA3974 /* UserAPIClient.swift */; };
		91F7B0442454F46D00AA3974 /* UserConnectedEndPoints.swift in Sources */ = {isa = PBXBuildFile; fileRef = 91F7B0432454F46D00AA3974 /* UserConnectedEndPoints.swift */; };
/* End PBXBuildFile section */

/* Begin PBXFileReference section */
		25011D67E9EDF04603A98FB0 /* Pods-Espace_Collaboratif.debug.xcconfig */ = {isa = PBXFileReference; includeInIndex = 1; lastKnownFileType = text.xcconfig; name = "Pods-Espace_Collaboratif.debug.xcconfig"; path = "Target Support Files/Pods-Espace_Collaboratif/Pods-Espace_Collaboratif.debug.xcconfig"; sourceTree = "<group>"; };
		85A2B53FFE1011E8CA4372BA /* Pods-Espace_Collaboratif.release.xcconfig */ = {isa = PBXFileReference; includeInIndex = 1; lastKnownFileType = text.xcconfig; name = "Pods-Espace_Collaboratif.release.xcconfig"; path = "Target Support Files/Pods-Espace_Collaboratif/Pods-Espace_Collaboratif.release.xcconfig"; sourceTree = "<group>"; };
		9103F7FB24D9BA3300587112 /* HomePresenter.swift */ = {isa = PBXFileReference; lastKnownFileType = sourcecode.swift; path = HomePresenter.swift; sourceTree = "<group>"; };
		9103F7FC24D9BA3300587112 /* HomeWorker.swift */ = {isa = PBXFileReference; lastKnownFileType = sourcecode.swift; path = HomeWorker.swift; sourceTree = "<group>"; };
		9103F7FD24D9BA3300587112 /* HomeRouter.swift */ = {isa = PBXFileReference; lastKnownFileType = sourcecode.swift; path = HomeRouter.swift; sourceTree = "<group>"; };
		9103F7FE24D9BA3300587112 /* HomeModels.swift */ = {isa = PBXFileReference; lastKnownFileType = sourcecode.swift; path = HomeModels.swift; sourceTree = "<group>"; };
		9103F7FF24D9BA3300587112 /* HomeViewController.swift */ = {isa = PBXFileReference; lastKnownFileType = sourcecode.swift; path = HomeViewController.swift; sourceTree = "<group>"; };
		9103F80024D9BA3300587112 /* HomeInteractor.swift */ = {isa = PBXFileReference; lastKnownFileType = sourcecode.swift; path = HomeInteractor.swift; sourceTree = "<group>"; };
		9103F80824D9DB0B00587112 /* TopicPresenter.swift */ = {isa = PBXFileReference; lastKnownFileType = sourcecode.swift; path = TopicPresenter.swift; sourceTree = "<group>"; };
		9103F80924D9DB0B00587112 /* TopicWorker.swift */ = {isa = PBXFileReference; lastKnownFileType = sourcecode.swift; path = TopicWorker.swift; sourceTree = "<group>"; };
		9103F80A24D9DB0B00587112 /* TopicRouter.swift */ = {isa = PBXFileReference; lastKnownFileType = sourcecode.swift; path = TopicRouter.swift; sourceTree = "<group>"; };
		9103F80B24D9DB0B00587112 /* TopicModels.swift */ = {isa = PBXFileReference; lastKnownFileType = sourcecode.swift; path = TopicModels.swift; sourceTree = "<group>"; };
		9103F80C24D9DB0B00587112 /* TopicViewController.swift */ = {isa = PBXFileReference; lastKnownFileType = sourcecode.swift; path = TopicViewController.swift; sourceTree = "<group>"; };
		9103F80D24D9DB0B00587112 /* TopicInteractor.swift */ = {isa = PBXFileReference; lastKnownFileType = sourcecode.swift; path = TopicInteractor.swift; sourceTree = "<group>"; };
		9103F81424D9DDF000587112 /* TopicTableViewCell.swift */ = {isa = PBXFileReference; lastKnownFileType = sourcecode.swift; path = TopicTableViewCell.swift; sourceTree = "<group>"; };
		9127F7F824B3F84F0091968A /* AddSondagePresenter.swift */ = {isa = PBXFileReference; lastKnownFileType = sourcecode.swift; path = AddSondagePresenter.swift; sourceTree = "<group>"; };
		9127F7F924B3F84F0091968A /* AddSondageWorker.swift */ = {isa = PBXFileReference; lastKnownFileType = sourcecode.swift; path = AddSondageWorker.swift; sourceTree = "<group>"; };
		9127F7FA24B3F84F0091968A /* AddSondageRouter.swift */ = {isa = PBXFileReference; lastKnownFileType = sourcecode.swift; path = AddSondageRouter.swift; sourceTree = "<group>"; };
		9127F7FB24B3F84F0091968A /* AddSondageModels.swift */ = {isa = PBXFileReference; lastKnownFileType = sourcecode.swift; path = AddSondageModels.swift; sourceTree = "<group>"; };
		9127F7FC24B3F84F0091968A /* AddSondageViewController.swift */ = {isa = PBXFileReference; lastKnownFileType = sourcecode.swift; path = AddSondageViewController.swift; sourceTree = "<group>"; };
		9127F7FD24B3F84F0091968A /* AddSondageInteractor.swift */ = {isa = PBXFileReference; lastKnownFileType = sourcecode.swift; path = AddSondageInteractor.swift; sourceTree = "<group>"; };
		913C420924DB327600DDFC5D /* TagCollectionViewCell.swift */ = {isa = PBXFileReference; lastKnownFileType = sourcecode.swift; path = TagCollectionViewCell.swift; sourceTree = "<group>"; };
		913EBB15245512DB00A40CA9 /* UserDefaultLogged.swift */ = {isa = PBXFileReference; lastKnownFileType = sourcecode.swift; path = UserDefaultLogged.swift; sourceTree = "<group>"; };
		9145041124DCE5C000DA85B0 /* DetailTopicPresenter.swift */ = {isa = PBXFileReference; lastKnownFileType = sourcecode.swift; path = DetailTopicPresenter.swift; sourceTree = "<group>"; };
		9145041224DCE5C000DA85B0 /* DetailTopicWorker.swift */ = {isa = PBXFileReference; lastKnownFileType = sourcecode.swift; path = DetailTopicWorker.swift; sourceTree = "<group>"; };
		9145041324DCE5C000DA85B0 /* DetailTopicRouter.swift */ = {isa = PBXFileReference; lastKnownFileType = sourcecode.swift; path = DetailTopicRouter.swift; sourceTree = "<group>"; };
		9145041424DCE5C000DA85B0 /* DetailTopicModels.swift */ = {isa = PBXFileReference; lastKnownFileType = sourcecode.swift; path = DetailTopicModels.swift; sourceTree = "<group>"; };
		9145041524DCE5C000DA85B0 /* DetailTopicViewController.swift */ = {isa = PBXFileReference; lastKnownFileType = sourcecode.swift; path = DetailTopicViewController.swift; sourceTree = "<group>"; };
		9145041624DCE5C000DA85B0 /* DetailTopicInteractor.swift */ = {isa = PBXFileReference; lastKnownFileType = sourcecode.swift; path = DetailTopicInteractor.swift; sourceTree = "<group>"; };
		914DD34A24AEC5E400F11C33 /* Choix.swift */ = {isa = PBXFileReference; lastKnownFileType = sourcecode.swift; path = Choix.swift; sourceTree = "<group>"; };
		914DD34D24AECD0000F11C33 /* SondageTableViewCell.swift */ = {isa = PBXFileReference; lastKnownFileType = sourcecode.swift; path = SondageTableViewCell.swift; sourceTree = "<group>"; };
		914DD34F24AECD2100F11C33 /* ChoixSondageCollectionViewCell.swift */ = {isa = PBXFileReference; lastKnownFileType = sourcecode.swift; path = ChoixSondageCollectionViewCell.swift; sourceTree = "<group>"; };
		914E1E7B24DA35FF001BC09F /* Topic1.swift */ = {isa = PBXFileReference; lastKnownFileType = sourcecode.swift; path = Topic1.swift; sourceTree = "<group>"; };
		914E1E7D24DA36A8001BC09F /* Tag.swift */ = {isa = PBXFileReference; lastKnownFileType = sourcecode.swift; path = Tag.swift; sourceTree = "<group>"; };
		914E1E7F24DA3D68001BC09F /* TopicEndPoints.swift */ = {isa = PBXFileReference; lastKnownFileType = sourcecode.swift; path = TopicEndPoints.swift; sourceTree = "<group>"; };
		914E1E8124DA5BEC001BC09F /* TopicService.swift */ = {isa = PBXFileReference; lastKnownFileType = sourcecode.swift; path = TopicService.swift; sourceTree = "<group>"; };
		9151A633248F31C30068B55A /* ReactionsPresenter.swift */ = {isa = PBXFileReference; lastKnownFileType = sourcecode.swift; path = ReactionsPresenter.swift; sourceTree = "<group>"; };
		9151A634248F31C30068B55A /* ReactionsWorker.swift */ = {isa = PBXFileReference; lastKnownFileType = sourcecode.swift; path = ReactionsWorker.swift; sourceTree = "<group>"; };
		9151A635248F31C30068B55A /* ReactionsRouter.swift */ = {isa = PBXFileReference; lastKnownFileType = sourcecode.swift; path = ReactionsRouter.swift; sourceTree = "<group>"; };
		9151A636248F31C30068B55A /* ReactionsModels.swift */ = {isa = PBXFileReference; lastKnownFileType = sourcecode.swift; path = ReactionsModels.swift; sourceTree = "<group>"; };
		9151A637248F31C30068B55A /* ReactionsViewController.swift */ = {isa = PBXFileReference; lastKnownFileType = sourcecode.swift; path = ReactionsViewController.swift; sourceTree = "<group>"; };
		9151A638248F31C30068B55A /* ReactionsInteractor.swift */ = {isa = PBXFileReference; lastKnownFileType = sourcecode.swift; path = ReactionsInteractor.swift; sourceTree = "<group>"; };
		9151A63F248F31E80068B55A /* ReactionTableViewCell.swift */ = {isa = PBXFileReference; lastKnownFileType = sourcecode.swift; path = ReactionTableViewCell.swift; sourceTree = "<group>"; };
		9151A641248F32140068B55A /* Reaction.swift */ = {isa = PBXFileReference; lastKnownFileType = sourcecode.swift; path = Reaction.swift; sourceTree = "<group>"; };
		91592C72245B62F000E88133 /* MessengerPresenter.swift */ = {isa = PBXFileReference; lastKnownFileType = sourcecode.swift; path = MessengerPresenter.swift; sourceTree = "<group>"; };
		91592C73245B62F000E88133 /* MessengerWorker.swift */ = {isa = PBXFileReference; lastKnownFileType = sourcecode.swift; path = MessengerWorker.swift; sourceTree = "<group>"; };
		91592C74245B62F000E88133 /* MessengerRouter.swift */ = {isa = PBXFileReference; lastKnownFileType = sourcecode.swift; path = MessengerRouter.swift; sourceTree = "<group>"; };
		91592C75245B62F000E88133 /* MessengerModels.swift */ = {isa = PBXFileReference; lastKnownFileType = sourcecode.swift; path = MessengerModels.swift; sourceTree = "<group>"; };
		91592C76245B62F000E88133 /* MessengerViewController.swift */ = {isa = PBXFileReference; lastKnownFileType = sourcecode.swift; path = MessengerViewController.swift; sourceTree = "<group>"; };
		91592C77245B62F000E88133 /* MessengerInteractor.swift */ = {isa = PBXFileReference; lastKnownFileType = sourcecode.swift; path = MessengerInteractor.swift; sourceTree = "<group>"; };
		91656A9524691A5700802907 /* Espace_Collaboratif.xcdatamodel */ = {isa = PBXFileReference; lastKnownFileType = wrapper.xcdatamodel; path = Espace_Collaboratif.xcdatamodel; sourceTree = "<group>"; };
		91656A9724691B7A00802907 /* RoomCoreData.swift */ = {isa = PBXFileReference; lastKnownFileType = sourcecode.swift; path = RoomCoreData.swift; sourceTree = "<group>"; };
		91656A992469374600802907 /* Reachability.swift */ = {isa = PBXFileReference; lastKnownFileType = sourcecode.swift; path = Reachability.swift; sourceTree = "<group>"; };
		9166741B24B5D19A00A5E687 /* VoteSondagePresenter.swift */ = {isa = PBXFileReference; lastKnownFileType = sourcecode.swift; path = VoteSondagePresenter.swift; sourceTree = "<group>"; };
		9166741C24B5D19A00A5E687 /* VoteSondageWorker.swift */ = {isa = PBXFileReference; lastKnownFileType = sourcecode.swift; path = VoteSondageWorker.swift; sourceTree = "<group>"; };
		9166741D24B5D19A00A5E687 /* VoteSondageRouter.swift */ = {isa = PBXFileReference; lastKnownFileType = sourcecode.swift; path = VoteSondageRouter.swift; sourceTree = "<group>"; };
		9166741E24B5D19A00A5E687 /* VoteSondageModels.swift */ = {isa = PBXFileReference; lastKnownFileType = sourcecode.swift; path = VoteSondageModels.swift; sourceTree = "<group>"; };
		9166741F24B5D19A00A5E687 /* VoteSondageViewController.swift */ = {isa = PBXFileReference; lastKnownFileType = sourcecode.swift; path = VoteSondageViewController.swift; sourceTree = "<group>"; };
		9166742024B5D19A00A5E687 /* VoteSondageInteractor.swift */ = {isa = PBXFileReference; lastKnownFileType = sourcecode.swift; path = VoteSondageInteractor.swift; sourceTree = "<group>"; };
		9166742824B5D1C800A5E687 /* VoteTableViewCell.swift */ = {isa = PBXFileReference; lastKnownFileType = sourcecode.swift; path = VoteTableViewCell.swift; sourceTree = "<group>"; };
		9166742924B5D1C800A5E687 /* VoteTableViewCell.xib */ = {isa = PBXFileReference; lastKnownFileType = file.xib; path = VoteTableViewCell.xib; sourceTree = "<group>"; };
		916ACE4B2464E19E00498285 /* TextSenderCell.swift */ = {isa = PBXFileReference; lastKnownFileType = sourcecode.swift; path = TextSenderCell.swift; sourceTree = "<group>"; };
		916ACE4C2464E19E00498285 /* TextSenderCell.xib */ = {isa = PBXFileReference; lastKnownFileType = file.xib; path = TextSenderCell.xib; sourceTree = "<group>"; };
		916ACE4F2464E1B500498285 /* TextReceiverCell.swift */ = {isa = PBXFileReference; lastKnownFileType = sourcecode.swift; path = TextReceiverCell.swift; sourceTree = "<group>"; };
		916ACE502464E1B500498285 /* TextReceiverCell.xib */ = {isa = PBXFileReference; lastKnownFileType = file.xib; path = TextReceiverCell.xib; sourceTree = "<group>"; };
		916ACE532464E1DD00498285 /* ImageSenderCell.swift */ = {isa = PBXFileReference; lastKnownFileType = sourcecode.swift; path = ImageSenderCell.swift; sourceTree = "<group>"; };
		916ACE542464E1DD00498285 /* ImageSenderCell.xib */ = {isa = PBXFileReference; lastKnownFileType = file.xib; path = ImageSenderCell.xib; sourceTree = "<group>"; };
		916ACE572464E1FE00498285 /* ImageReceiverCell.swift */ = {isa = PBXFileReference; lastKnownFileType = sourcecode.swift; path = ImageReceiverCell.swift; sourceTree = "<group>"; };
		916ACE582464E1FE00498285 /* ImageReceiverCell.xib */ = {isa = PBXFileReference; lastKnownFileType = file.xib; path = ImageReceiverCell.xib; sourceTree = "<group>"; };
		918574E4245D2A4D00F54DAE /* corbeille.swift */ = {isa = PBXFileReference; lastKnownFileType = sourcecode.swift; path = corbeille.swift; sourceTree = "<group>"; };
		919A8465245A328B0094CE42 /* AddRoomPresenter.swift */ = {isa = PBXFileReference; lastKnownFileType = sourcecode.swift; path = AddRoomPresenter.swift; sourceTree = "<group>"; };
		919A8466245A328B0094CE42 /* AddRoomWorker.swift */ = {isa = PBXFileReference; lastKnownFileType = sourcecode.swift; path = AddRoomWorker.swift; sourceTree = "<group>"; };
		919A8467245A328B0094CE42 /* AddRoomRouter.swift */ = {isa = PBXFileReference; lastKnownFileType = sourcecode.swift; path = AddRoomRouter.swift; sourceTree = "<group>"; };
		919A8468245A328B0094CE42 /* AddRoomModels.swift */ = {isa = PBXFileReference; lastKnownFileType = sourcecode.swift; path = AddRoomModels.swift; sourceTree = "<group>"; };
		919A8469245A328B0094CE42 /* AddRoomViewController.swift */ = {isa = PBXFileReference; lastKnownFileType = sourcecode.swift; path = AddRoomViewController.swift; sourceTree = "<group>"; };
		919A846A245A328B0094CE42 /* AddRoomInteractor.swift */ = {isa = PBXFileReference; lastKnownFileType = sourcecode.swift; path = AddRoomInteractor.swift; sourceTree = "<group>"; };
		919A8471245A43E20094CE42 /* UsersTableViewCell.swift */ = {isa = PBXFileReference; lastKnownFileType = sourcecode.swift; path = UsersTableViewCell.swift; sourceTree = "<group>"; };
		919A8474245AA7140094CE42 /* Messenger1.swift */ = {isa = PBXFileReference; lastKnownFileType = sourcecode.swift; path = Messenger1.swift; sourceTree = "<group>"; };
		91A37586245388F200854ADE /* Room1.swift */ = {isa = PBXFileReference; lastKnownFileType = sourcecode.swift; path = Room1.swift; sourceTree = "<group>"; };
		91A375882453892100854ADE /* User.swift */ = {isa = PBXFileReference; lastKnownFileType = sourcecode.swift; path = User.swift; sourceTree = "<group>"; };
		91A3759024538B4D00854ADE /* RoomPresenter.swift */ = {isa = PBXFileReference; lastKnownFileType = sourcecode.swift; path = RoomPresenter.swift; sourceTree = "<group>"; };
		91A3759124538B4D00854ADE /* RoomWorker.swift */ = {isa = PBXFileReference; lastKnownFileType = sourcecode.swift; path = RoomWorker.swift; sourceTree = "<group>"; };
		91A3759224538B4D00854ADE /* RoomRouter.swift */ = {isa = PBXFileReference; lastKnownFileType = sourcecode.swift; path = RoomRouter.swift; sourceTree = "<group>"; };
		91A3759324538B4D00854ADE /* RoomModels.swift */ = {isa = PBXFileReference; lastKnownFileType = sourcecode.swift; path = RoomModels.swift; sourceTree = "<group>"; };
		91A3759424538B4D00854ADE /* RoomViewController.swift */ = {isa = PBXFileReference; lastKnownFileType = sourcecode.swift; path = RoomViewController.swift; sourceTree = "<group>"; };
		91A3759524538B4D00854ADE /* RoomInteractor.swift */ = {isa = PBXFileReference; lastKnownFileType = sourcecode.swift; path = RoomInteractor.swift; sourceTree = "<group>"; };
		91A3759D24538D5600854ADE /* RoomAPIClient.swift */ = {isa = PBXFileReference; lastKnownFileType = sourcecode.swift; path = RoomAPIClient.swift; sourceTree = "<group>"; };
		91A3759F24538DE900854ADE /* Constants.swift */ = {isa = PBXFileReference; lastKnownFileType = sourcecode.swift; path = Constants.swift; sourceTree = "<group>"; };
		91A375A124538E1300854ADE /* APIConfiguration.swift */ = {isa = PBXFileReference; lastKnownFileType = sourcecode.swift; path = APIConfiguration.swift; sourceTree = "<group>"; };
		91A375A324538E2400854ADE /* APIClient.swift */ = {isa = PBXFileReference; lastKnownFileType = sourcecode.swift; path = APIClient.swift; sourceTree = "<group>"; };
		91A375A524539D9000854ADE /* RoomsEndPoints.swift */ = {isa = PBXFileReference; lastKnownFileType = sourcecode.swift; path = RoomsEndPoints.swift; sourceTree = "<group>"; };
		91A375A72453B6E600854ADE /* RoomsTableViewCell.swift */ = {isa = PBXFileReference; lastKnownFileType = sourcecode.swift; path = RoomsTableViewCell.swift; sourceTree = "<group>"; };
		91A375A92453B80600854ADE /* ConstantColor.swift */ = {isa = PBXFileReference; lastKnownFileType = sourcecode.swift; path = ConstantColor.swift; sourceTree = "<group>"; };
		91A3961A245386A5005F43F4 /* Espace_Collaboratif.app */ = {isa = PBXFileReference; explicitFileType = wrapper.application; includeInIndex = 0; path = Espace_Collaboratif.app; sourceTree = BUILT_PRODUCTS_DIR; };
		91A3961D245386A5005F43F4 /* AppDelegate.swift */ = {isa = PBXFileReference; lastKnownFileType = sourcecode.swift; path = AppDelegate.swift; sourceTree = "<group>"; };
		91A3961F245386A5005F43F4 /* SceneDelegate.swift */ = {isa = PBXFileReference; lastKnownFileType = sourcecode.swift; path = SceneDelegate.swift; sourceTree = "<group>"; };
		91A39621245386A5005F43F4 /* ViewController.swift */ = {isa = PBXFileReference; lastKnownFileType = sourcecode.swift; path = ViewController.swift; sourceTree = "<group>"; };
		91A39624245386A5005F43F4 /* Base */ = {isa = PBXFileReference; lastKnownFileType = file.storyboard; name = Base; path = Base.lproj/Main.storyboard; sourceTree = "<group>"; };
		91A39629245386A7005F43F4 /* Assets.xcassets */ = {isa = PBXFileReference; lastKnownFileType = folder.assetcatalog; path = Assets.xcassets; sourceTree = "<group>"; };
		91A3962C245386A7005F43F4 /* Base */ = {isa = PBXFileReference; lastKnownFileType = file.storyboard; name = Base; path = Base.lproj/LaunchScreen.storyboard; sourceTree = "<group>"; };
		91A3962E245386A7005F43F4 /* Info.plist */ = {isa = PBXFileReference; lastKnownFileType = text.plist.xml; path = Info.plist; sourceTree = "<group>"; };
		91A6A618245B9AA0004F0C3D /* EventBus.swift */ = {isa = PBXFileReference; lastKnownFileType = sourcecode.swift; path = EventBus.swift; sourceTree = "<group>"; };
		91A6A61A245B9AAB004F0C3D /* Mutex.swift */ = {isa = PBXFileReference; lastKnownFileType = sourcecode.swift; path = Mutex.swift; sourceTree = "<group>"; };
		91A6A61C245B9AB9004F0C3D /* Message.swift */ = {isa = PBXFileReference; lastKnownFileType = sourcecode.swift; path = Message.swift; sourceTree = "<group>"; };
		91A6A61E245B9AC9004F0C3D /* Util.swift */ = {isa = PBXFileReference; lastKnownFileType = sourcecode.swift; path = Util.swift; sourceTree = "<group>"; };
		91A6A620245B9AD6004F0C3D /* Response.swift */ = {isa = PBXFileReference; lastKnownFileType = sourcecode.swift; path = Response.swift; sourceTree = "<group>"; };
		91A6A622245B9B09004F0C3D /* Word.swift */ = {isa = PBXFileReference; lastKnownFileType = sourcecode.swift; path = Word.swift; sourceTree = "<group>"; };
		91ABB93F246AC011001C8CBB /* MessageCoreData.swift */ = {isa = PBXFileReference; lastKnownFileType = sourcecode.swift; path = MessageCoreData.swift; sourceTree = "<group>"; };
		91C0B8B4245E6A4D0059F675 /* EventBusApiClient.swift */ = {isa = PBXFileReference; lastKnownFileType = sourcecode.swift; path = EventBusApiClient.swift; sourceTree = "<group>"; };
		91C0B8B9245E7C170059F675 /* EventBusApiClientTest.swift */ = {isa = PBXFileReference; lastKnownFileType = sourcecode.swift; path = EventBusApiClientTest.swift; sourceTree = "<group>"; };
		91C1728B245485E000588967 /* UserCollectionViewCell.swift */ = {isa = PBXFileReference; lastKnownFileType = sourcecode.swift; path = UserCollectionViewCell.swift; sourceTree = "<group>"; };
		91C7ED2E24E195A900D0D8D2 /* ReplyTableViewCell.swift */ = {isa = PBXFileReference; lastKnownFileType = sourcecode.swift; path = ReplyTableViewCell.swift; sourceTree = "<group>"; };
		91C7ED3024E1976A00D0D8D2 /* ReplyService.swift */ = {isa = PBXFileReference; lastKnownFileType = sourcecode.swift; path = ReplyService.swift; sourceTree = "<group>"; };
		91C7ED3224E1988F00D0D8D2 /* Reply1.swift */ = {isa = PBXFileReference; lastKnownFileType = sourcecode.swift; path = Reply1.swift; sourceTree = "<group>"; };
		91F0E8952466D0AD00B7808A /* NetworkStatus.swift */ = {isa = PBXFileReference; lastKnownFileType = sourcecode.swift; path = NetworkStatus.swift; sourceTree = "<group>"; };
		91F13ECC24E418BD00320364 /* ConnectRoomEventBus.swift */ = {isa = PBXFileReference; lastKnownFileType = sourcecode.swift; path = ConnectRoomEventBus.swift; sourceTree = "<group>"; };
		91F7B0342454DD5400AA3974 /* LoginPresenter.swift */ = {isa = PBXFileReference; lastKnownFileType = sourcecode.swift; path = LoginPresenter.swift; sourceTree = "<group>"; };
		91F7B0352454DD5400AA3974 /* LoginWorker.swift */ = {isa = PBXFileReference; lastKnownFileType = sourcecode.swift; path = LoginWorker.swift; sourceTree = "<group>"; };
		91F7B0362454DD5400AA3974 /* LoginRouter.swift */ = {isa = PBXFileReference; lastKnownFileType = sourcecode.swift; path = LoginRouter.swift; sourceTree = "<group>"; };
		91F7B0372454DD5400AA3974 /* LoginModels.swift */ = {isa = PBXFileReference; lastKnownFileType = sourcecode.swift; path = LoginModels.swift; sourceTree = "<group>"; };
		91F7B0382454DD5400AA3974 /* LoginViewController.swift */ = {isa = PBXFileReference; lastKnownFileType = sourcecode.swift; path = LoginViewController.swift; sourceTree = "<group>"; };
		91F7B0392454DD5400AA3974 /* LoginInteractor.swift */ = {isa = PBXFileReference; lastKnownFileType = sourcecode.swift; path = LoginInteractor.swift; sourceTree = "<group>"; };
		91F7B0412454F2D800AA3974 /* UserAPIClient.swift */ = {isa = PBXFileReference; lastKnownFileType = sourcecode.swift; path = UserAPIClient.swift; sourceTree = "<group>"; };
		91F7B0432454F46D00AA3974 /* UserConnectedEndPoints.swift */ = {isa = PBXFileReference; lastKnownFileType = sourcecode.swift; path = UserConnectedEndPoints.swift; sourceTree = "<group>"; };
		B48386D4104445DA38D1184E /* Pods_Espace_Collaboratif.framework */ = {isa = PBXFileReference; explicitFileType = wrapper.framework; includeInIndex = 0; path = Pods_Espace_Collaboratif.framework; sourceTree = BUILT_PRODUCTS_DIR; };
/* End PBXFileReference section */

/* Begin PBXFrameworksBuildPhase section */
		91A39617245386A5005F43F4 /* Frameworks */ = {
			isa = PBXFrameworksBuildPhase;
			buildActionMask = 2147483647;
			files = (
				1A628816FC5283D7E2FAB758 /* Pods_Espace_Collaboratif.framework in Frameworks */,
			);
			runOnlyForDeploymentPostprocessing = 0;
		};
/* End PBXFrameworksBuildPhase section */

/* Begin PBXGroup section */
		0F4E26E49ADD94CCBA80BF88 /* Pods */ = {
			isa = PBXGroup;
			children = (
				25011D67E9EDF04603A98FB0 /* Pods-Espace_Collaboratif.debug.xcconfig */,
				85A2B53FFE1011E8CA4372BA /* Pods-Espace_Collaboratif.release.xcconfig */,
			);
			path = Pods;
			sourceTree = "<group>";
		};
		9103F7FA24D9BA1600587112 /* Home */ = {
			isa = PBXGroup;
			children = (
				9103F7FB24D9BA3300587112 /* HomePresenter.swift */,
				9103F7FC24D9BA3300587112 /* HomeWorker.swift */,
				9103F7FD24D9BA3300587112 /* HomeRouter.swift */,
				9103F7FE24D9BA3300587112 /* HomeModels.swift */,
				9103F7FF24D9BA3300587112 /* HomeViewController.swift */,
				9103F80024D9BA3300587112 /* HomeInteractor.swift */,
			);
			path = Home;
			sourceTree = "<group>";
		};
		9103F80724D9DADA00587112 /* Topic */ = {
			isa = PBXGroup;
			children = (
				9145040E24DCE3E100DA85B0 /* GetAllTopics */,
				9145041024DCE58D00DA85B0 /* DetailTopic */,
			);
			path = Topic;
			sourceTree = "<group>";
		};
		9127F7F724B3F8250091968A /* AddSondage */ = {
			isa = PBXGroup;
			children = (
				9127F7F824B3F84F0091968A /* AddSondagePresenter.swift */,
				9127F7F924B3F84F0091968A /* AddSondageWorker.swift */,
				9127F7FA24B3F84F0091968A /* AddSondageRouter.swift */,
				9127F7FB24B3F84F0091968A /* AddSondageModels.swift */,
				9127F7FC24B3F84F0091968A /* AddSondageViewController.swift */,
				9127F7FD24B3F84F0091968A /* AddSondageInteractor.swift */,
			);
			path = AddSondage;
			sourceTree = "<group>";
		};
		913EBB14245512B500A40CA9 /* UserDefault */ = {
			isa = PBXGroup;
			children = (
				913EBB15245512DB00A40CA9 /* UserDefaultLogged.swift */,
			);
			path = UserDefault;
			sourceTree = "<group>";
		};
		9145040E24DCE3E100DA85B0 /* GetAllTopics */ = {
			isa = PBXGroup;
			children = (
				9103F80824D9DB0B00587112 /* TopicPresenter.swift */,
				9103F80924D9DB0B00587112 /* TopicWorker.swift */,
				9103F80A24D9DB0B00587112 /* TopicRouter.swift */,
				9103F80B24D9DB0B00587112 /* TopicModels.swift */,
				9103F80C24D9DB0B00587112 /* TopicViewController.swift */,
				9103F80D24D9DB0B00587112 /* TopicInteractor.swift */,
				9103F81424D9DDF000587112 /* TopicTableViewCell.swift */,
				914E1E8124DA5BEC001BC09F /* TopicService.swift */,
				913C420924DB327600DDFC5D /* TagCollectionViewCell.swift */,
			);
			path = GetAllTopics;
			sourceTree = "<group>";
		};
		9145041024DCE58D00DA85B0 /* DetailTopic */ = {
			isa = PBXGroup;
			children = (
				9145041124DCE5C000DA85B0 /* DetailTopicPresenter.swift */,
				9145041224DCE5C000DA85B0 /* DetailTopicWorker.swift */,
				9145041324DCE5C000DA85B0 /* DetailTopicRouter.swift */,
				9145041424DCE5C000DA85B0 /* DetailTopicModels.swift */,
				9145041524DCE5C000DA85B0 /* DetailTopicViewController.swift */,
				9145041624DCE5C000DA85B0 /* DetailTopicInteractor.swift */,
				91C7ED2E24E195A900D0D8D2 /* ReplyTableViewCell.swift */,
				91C7ED3024E1976A00D0D8D2 /* ReplyService.swift */,
			);
			path = DetailTopic;
			sourceTree = "<group>";
		};
		914DD34C24AECCE500F11C33 /* Sondage */ = {
			isa = PBXGroup;
			children = (
				914DD34D24AECD0000F11C33 /* SondageTableViewCell.swift */,
				914DD34F24AECD2100F11C33 /* ChoixSondageCollectionViewCell.swift */,
			);
			path = Sondage;
			sourceTree = "<group>";
		};
		9151A632248F31AC0068B55A /* Reaction */ = {
			isa = PBXGroup;
			children = (
				9151A633248F31C30068B55A /* ReactionsPresenter.swift */,
				9151A634248F31C30068B55A /* ReactionsWorker.swift */,
				9151A635248F31C30068B55A /* ReactionsRouter.swift */,
				9151A636248F31C30068B55A /* ReactionsModels.swift */,
				9151A637248F31C30068B55A /* ReactionsViewController.swift */,
				9151A638248F31C30068B55A /* ReactionsInteractor.swift */,
				9151A63F248F31E80068B55A /* ReactionTableViewCell.swift */,
			);
			path = Reaction;
			sourceTree = "<group>";
		};
		91656A9124690D3B00802907 /* CoreData */ = {
			isa = PBXGroup;
			children = (
				91656A9724691B7A00802907 /* RoomCoreData.swift */,
				91ABB93F246AC011001C8CBB /* MessageCoreData.swift */,
			);
			path = CoreData;
			sourceTree = "<group>";
		};
		9166741924B5D15F00A5E687 /* Sondaage */ = {
			isa = PBXGroup;
			children = (
				9166741A24B5D17B00A5E687 /* VoteSondage */,
				9127F7F724B3F8250091968A /* AddSondage */,
			);
			path = Sondaage;
			sourceTree = "<group>";
		};
		9166741A24B5D17B00A5E687 /* VoteSondage */ = {
			isa = PBXGroup;
			children = (
				9166742724B5D1AF00A5E687 /* XibVote */,
				9166741B24B5D19A00A5E687 /* VoteSondagePresenter.swift */,
				9166741C24B5D19A00A5E687 /* VoteSondageWorker.swift */,
				9166741D24B5D19A00A5E687 /* VoteSondageRouter.swift */,
				9166741E24B5D19A00A5E687 /* VoteSondageModels.swift */,
				9166741F24B5D19A00A5E687 /* VoteSondageViewController.swift */,
				9166742024B5D19A00A5E687 /* VoteSondageInteractor.swift */,
			);
			path = VoteSondage;
			sourceTree = "<group>";
		};
		9166742724B5D1AF00A5E687 /* XibVote */ = {
			isa = PBXGroup;
			children = (
				9166742824B5D1C800A5E687 /* VoteTableViewCell.swift */,
				9166742924B5D1C800A5E687 /* VoteTableViewCell.xib */,
			);
			path = XibVote;
			sourceTree = "<group>";
		};
		916ACE462464E0AB00498285 /* CellsChat */ = {
			isa = PBXGroup;
			children = (
				914DD34C24AECCE500F11C33 /* Sondage */,
				916ACE4A2464E13500498285 /* TextSender */,
				916ACE492464E12900498285 /* TextReceiver */,
				916ACE472464E0FC00498285 /* ImageSender */,
				916ACE482464E11100498285 /* ImageReceiver */,
			);
			path = CellsChat;
			sourceTree = "<group>";
		};
		916ACE472464E0FC00498285 /* ImageSender */ = {
			isa = PBXGroup;
			children = (
				916ACE532464E1DD00498285 /* ImageSenderCell.swift */,
				916ACE542464E1DD00498285 /* ImageSenderCell.xib */,
			);
			path = ImageSender;
			sourceTree = "<group>";
		};
		916ACE482464E11100498285 /* ImageReceiver */ = {
			isa = PBXGroup;
			children = (
				916ACE572464E1FE00498285 /* ImageReceiverCell.swift */,
				916ACE582464E1FE00498285 /* ImageReceiverCell.xib */,
			);
			path = ImageReceiver;
			sourceTree = "<group>";
		};
		916ACE492464E12900498285 /* TextReceiver */ = {
			isa = PBXGroup;
			children = (
				916ACE4F2464E1B500498285 /* TextReceiverCell.swift */,
				916ACE502464E1B500498285 /* TextReceiverCell.xib */,
			);
			path = TextReceiver;
			sourceTree = "<group>";
		};
		916ACE4A2464E13500498285 /* TextSender */ = {
			isa = PBXGroup;
			children = (
				916ACE4B2464E19E00498285 /* TextSenderCell.swift */,
				916ACE4C2464E19E00498285 /* TextSenderCell.xib */,
			);
			path = TextSender;
			sourceTree = "<group>";
		};
		919A8464245A325C0094CE42 /* AddRoom */ = {
			isa = PBXGroup;
			children = (
				919A8468245A328B0094CE42 /* AddRoomModels.swift */,
				919A8467245A328B0094CE42 /* AddRoomRouter.swift */,
				919A8466245A328B0094CE42 /* AddRoomWorker.swift */,
				919A846A245A328B0094CE42 /* AddRoomInteractor.swift */,
				919A8465245A328B0094CE42 /* AddRoomPresenter.swift */,
				919A8469245A328B0094CE42 /* AddRoomViewController.swift */,
				919A8471245A43E20094CE42 /* UsersTableViewCell.swift */,
			);
			path = AddRoom;
			sourceTree = "<group>";
		};
		919A8473245AA6B30094CE42 /* Messenger */ = {
			isa = PBXGroup;
			children = (
				916ACE462464E0AB00498285 /* CellsChat */,
				91592C74245B62F000E88133 /* MessengerRouter.swift */,
				91592C75245B62F000E88133 /* MessengerModels.swift */,
				91592C73245B62F000E88133 /* MessengerWorker.swift */,
				91592C77245B62F000E88133 /* MessengerInteractor.swift */,
				91592C72245B62F000E88133 /* MessengerPresenter.swift */,
				91592C76245B62F000E88133 /* MessengerViewController.swift */,
				918574E4245D2A4D00F54DAE /* corbeille.swift */,
				91F13ECC24E418BD00320364 /* ConnectRoomEventBus.swift */,
			);
			path = Messenger;
			sourceTree = "<group>";
		};
		91A375852453889A00854ADE /* Model */ = {
			isa = PBXGroup;
			children = (
				91656A9124690D3B00802907 /* CoreData */,
				91A37586245388F200854ADE /* Room1.swift */,
				91A375882453892100854ADE /* User.swift */,
				919A8474245AA7140094CE42 /* Messenger1.swift */,
				9151A641248F32140068B55A /* Reaction.swift */,
				914DD34A24AEC5E400F11C33 /* Choix.swift */,
				914E1E7B24DA35FF001BC09F /* Topic1.swift */,
				914E1E7D24DA36A8001BC09F /* Tag.swift */,
				91C7ED3224E1988F00D0D8D2 /* Reply1.swift */,
			);
			path = Model;
			sourceTree = "<group>";
		};
		91A3758A245389B000854ADE /* Network */ = {
			isa = PBXGroup;
			children = (
				91C0B8B6245E6BAC0059F675 /* Messenger */,
				91A3758B24538A9600854ADE /* Clients */,
				91A3758C24538A9F00854ADE /* EndPoints */,
				91A3758D24538AB300854ADE /* Base */,
			);
			path = Network;
			sourceTree = "<group>";
		};
		91A3758B24538A9600854ADE /* Clients */ = {
			isa = PBXGroup;
			children = (
				91A3759D24538D5600854ADE /* RoomAPIClient.swift */,
				91F7B0412454F2D800AA3974 /* UserAPIClient.swift */,
			);
			path = Clients;
			sourceTree = "<group>";
		};
		91A3758C24538A9F00854ADE /* EndPoints */ = {
			isa = PBXGroup;
			children = (
				91A375A524539D9000854ADE /* RoomsEndPoints.swift */,
				914E1E7F24DA3D68001BC09F /* TopicEndPoints.swift */,
				91F7B0432454F46D00AA3974 /* UserConnectedEndPoints.swift */,
			);
			path = EndPoints;
			sourceTree = "<group>";
		};
		91A3758D24538AB300854ADE /* Base */ = {
			isa = PBXGroup;
			children = (
				91A3759F24538DE900854ADE /* Constants.swift */,
				91A375A124538E1300854ADE /* APIConfiguration.swift */,
				91A375A324538E2400854ADE /* APIClient.swift */,
				91C0B8B4245E6A4D0059F675 /* EventBusApiClient.swift */,
				91F0E8952466D0AD00B7808A /* NetworkStatus.swift */,
				91656A992469374600802907 /* Reachability.swift */,
			);
			path = Base;
			sourceTree = "<group>";
		};
		91A3758E24538AFA00854ADE /* Presentation */ = {
			isa = PBXGroup;
			children = (
				9103F7FA24D9BA1600587112 /* Home */,
				9103F80724D9DADA00587112 /* Topic */,
				9166741924B5D15F00A5E687 /* Sondaage */,
				9151A632248F31AC0068B55A /* Reaction */,
				919A8473245AA6B30094CE42 /* Messenger */,
				91F7B0322454DCA300AA3974 /* Users */,
				91A3758F24538B0800854ADE /* Room */,
			);
			path = Presentation;
			sourceTree = "<group>";
		};
		91A3758F24538B0800854ADE /* Room */ = {
			isa = PBXGroup;
			children = (
				919A8464245A325C0094CE42 /* AddRoom */,
				91D6966D24566F86000E9F20 /* GetRooms */,
			);
			path = Room;
			sourceTree = "<group>";
		};
		91A3759C24538B8100854ADE /* Views */ = {
			isa = PBXGroup;
			children = (
				91A39623245386A5005F43F4 /* Main.storyboard */,
				91A3962B245386A7005F43F4 /* LaunchScreen.storyboard */,
			);
			path = Views;
			sourceTree = "<group>";
		};
		91A39611245386A5005F43F4 = {
			isa = PBXGroup;
			children = (
				91A3961C245386A5005F43F4 /* Espace_Collaboratif */,
				91A3961B245386A5005F43F4 /* Products */,
				0F4E26E49ADD94CCBA80BF88 /* Pods */,
				BC917FC61318645BEC613AAA /* Frameworks */,
			);
			sourceTree = "<group>";
		};
		91A3961B245386A5005F43F4 /* Products */ = {
			isa = PBXGroup;
			children = (
				91A3961A245386A5005F43F4 /* Espace_Collaboratif.app */,
			);
			name = Products;
			sourceTree = "<group>";
		};
		91A3961C245386A5005F43F4 /* Espace_Collaboratif */ = {
			isa = PBXGroup;
			children = (
				91A6A616245B9A1A004F0C3D /* Externe */,
				913EBB14245512B500A40CA9 /* UserDefault */,
				91A3758E24538AFA00854ADE /* Presentation */,
				91A375852453889A00854ADE /* Model */,
				91A3758A245389B000854ADE /* Network */,
				91A3759C24538B8100854ADE /* Views */,
				91F7B0402454DDBD00AA3974 /* Extensions */,
				91A3961D245386A5005F43F4 /* AppDelegate.swift */,
				91A3961F245386A5005F43F4 /* SceneDelegate.swift */,
				91A39621245386A5005F43F4 /* ViewController.swift */,
				91A39629245386A7005F43F4 /* Assets.xcassets */,
				91A3962E245386A7005F43F4 /* Info.plist */,
				91656A9424691A5700802907 /* Espace_Collaboratif.xcdatamodeld */,
			);
			path = Espace_Collaboratif;
			sourceTree = "<group>";
		};
		91A6A616245B9A1A004F0C3D /* Externe */ = {
			isa = PBXGroup;
			children = (
				91A6A617245B9A21004F0C3D /* EventBus */,
			);
			path = Externe;
			sourceTree = "<group>";
		};
		91A6A617245B9A21004F0C3D /* EventBus */ = {
			isa = PBXGroup;
			children = (
				91A6A618245B9AA0004F0C3D /* EventBus.swift */,
				91A6A61A245B9AAB004F0C3D /* Mutex.swift */,
				91A6A61C245B9AB9004F0C3D /* Message.swift */,
				91A6A61E245B9AC9004F0C3D /* Util.swift */,
				91A6A620245B9AD6004F0C3D /* Response.swift */,
				91A6A622245B9B09004F0C3D /* Word.swift */,
			);
			path = EventBus;
			sourceTree = "<group>";
		};
		91C0B8B6245E6BAC0059F675 /* Messenger */ = {
			isa = PBXGroup;
			children = (
				91C0B8B9245E7C170059F675 /* EventBusApiClientTest.swift */,
			);
			path = Messenger;
			sourceTree = "<group>";
		};
		91D6966D24566F86000E9F20 /* GetRooms */ = {
			isa = PBXGroup;
			children = (
				91A3759324538B4D00854ADE /* RoomModels.swift */,
				91A3759224538B4D00854ADE /* RoomRouter.swift */,
				91A3759124538B4D00854ADE /* RoomWorker.swift */,
				91A3759524538B4D00854ADE /* RoomInteractor.swift */,
				91A3759024538B4D00854ADE /* RoomPresenter.swift */,
				91A3759424538B4D00854ADE /* RoomViewController.swift */,
				91A375A72453B6E600854ADE /* RoomsTableViewCell.swift */,
				91C1728B245485E000588967 /* UserCollectionViewCell.swift */,
			);
			path = GetRooms;
			sourceTree = "<group>";
		};
		91F7B0322454DCA300AA3974 /* Users */ = {
			isa = PBXGroup;
			children = (
				91F7B0332454DCB500AA3974 /* Login */,
			);
			path = Users;
			sourceTree = "<group>";
		};
		91F7B0332454DCB500AA3974 /* Login */ = {
			isa = PBXGroup;
			children = (
				91F7B0372454DD5400AA3974 /* LoginModels.swift */,
				91F7B0352454DD5400AA3974 /* LoginWorker.swift */,
				91F7B0392454DD5400AA3974 /* LoginInteractor.swift */,
				91F7B0342454DD5400AA3974 /* LoginPresenter.swift */,
				91F7B0382454DD5400AA3974 /* LoginViewController.swift */,
				91F7B0362454DD5400AA3974 /* LoginRouter.swift */,
			);
			path = Login;
			sourceTree = "<group>";
		};
		91F7B0402454DDBD00AA3974 /* Extensions */ = {
			isa = PBXGroup;
			children = (
				91A375A92453B80600854ADE /* ConstantColor.swift */,
			);
			path = Extensions;
			sourceTree = "<group>";
		};
		BC917FC61318645BEC613AAA /* Frameworks */ = {
			isa = PBXGroup;
			children = (
				B48386D4104445DA38D1184E /* Pods_Espace_Collaboratif.framework */,
			);
			name = Frameworks;
			sourceTree = "<group>";
		};
/* End PBXGroup section */

/* Begin PBXNativeTarget section */
		91A39619245386A5005F43F4 /* Espace_Collaboratif */ = {
			isa = PBXNativeTarget;
			buildConfigurationList = 91A39631245386A7005F43F4 /* Build configuration list for PBXNativeTarget "Espace_Collaboratif" */;
			buildPhases = (
				AB4F7A98A68388C1D972E414 /* [CP] Check Pods Manifest.lock */,
				91A39616245386A5005F43F4 /* Sources */,
				91A39617245386A5005F43F4 /* Frameworks */,
				91A39618245386A5005F43F4 /* Resources */,
				B41FD781A4719790DC06A854 /* [CP] Embed Pods Frameworks */,
			);
			buildRules = (
			);
			dependencies = (
			);
			name = Espace_Collaboratif;
			productName = Espace_Collaboratif;
			productReference = 91A3961A245386A5005F43F4 /* Espace_Collaboratif.app */;
			productType = "com.apple.product-type.application";
		};
/* End PBXNativeTarget section */

/* Begin PBXProject section */
		91A39612245386A5005F43F4 /* Project object */ = {
			isa = PBXProject;
			attributes = {
				LastSwiftUpdateCheck = 1130;
				LastUpgradeCheck = 1130;
				ORGANIZATIONNAME = mehdi;
				TargetAttributes = {
					91A39619245386A5005F43F4 = {
						CreatedOnToolsVersion = 11.3;
					};
				};
			};
			buildConfigurationList = 91A39615245386A5005F43F4 /* Build configuration list for PBXProject "Espace_Collaboratif" */;
			compatibilityVersion = "Xcode 9.3";
			developmentRegion = en;
			hasScannedForEncodings = 0;
			knownRegions = (
				en,
				Base,
			);
			mainGroup = 91A39611245386A5005F43F4;
			productRefGroup = 91A3961B245386A5005F43F4 /* Products */;
			projectDirPath = "";
			projectRoot = "";
			targets = (
				91A39619245386A5005F43F4 /* Espace_Collaboratif */,
			);
		};
/* End PBXProject section */

/* Begin PBXResourcesBuildPhase section */
		91A39618245386A5005F43F4 /* Resources */ = {
			isa = PBXResourcesBuildPhase;
			buildActionMask = 2147483647;
			files = (
				916ACE5A2464E1FE00498285 /* ImageReceiverCell.xib in Resources */,
				916ACE562464E1DD00498285 /* ImageSenderCell.xib in Resources */,
				916ACE522464E1B500498285 /* TextReceiverCell.xib in Resources */,
				91A3962D245386A7005F43F4 /* LaunchScreen.storyboard in Resources */,
				916ACE4E2464E19E00498285 /* TextSenderCell.xib in Resources */,
				91A3962A245386A7005F43F4 /* Assets.xcassets in Resources */,
				91A39625245386A5005F43F4 /* Main.storyboard in Resources */,
				9166742B24B5D1C800A5E687 /* VoteTableViewCell.xib in Resources */,
			);
			runOnlyForDeploymentPostprocessing = 0;
		};
/* End PBXResourcesBuildPhase section */

/* Begin PBXShellScriptBuildPhase section */
		AB4F7A98A68388C1D972E414 /* [CP] Check Pods Manifest.lock */ = {
			isa = PBXShellScriptBuildPhase;
			buildActionMask = 2147483647;
			files = (
			);
			inputFileListPaths = (
			);
			inputPaths = (
				"${PODS_PODFILE_DIR_PATH}/Podfile.lock",
				"${PODS_ROOT}/Manifest.lock",
			);
			name = "[CP] Check Pods Manifest.lock";
			outputFileListPaths = (
			);
			outputPaths = (
				"$(DERIVED_FILE_DIR)/Pods-Espace_Collaboratif-checkManifestLockResult.txt",
			);
			runOnlyForDeploymentPostprocessing = 0;
			shellPath = /bin/sh;
			shellScript = "diff \"${PODS_PODFILE_DIR_PATH}/Podfile.lock\" \"${PODS_ROOT}/Manifest.lock\" > /dev/null\nif [ $? != 0 ] ; then\n    # print error to STDERR\n    echo \"error: The sandbox is not in sync with the Podfile.lock. Run 'pod install' or update your CocoaPods installation.\" >&2\n    exit 1\nfi\n# This output is used by Xcode 'outputs' to avoid re-running this script phase.\necho \"SUCCESS\" > \"${SCRIPT_OUTPUT_FILE_0}\"\n";
			showEnvVarsInLog = 0;
		};
		B41FD781A4719790DC06A854 /* [CP] Embed Pods Frameworks */ = {
			isa = PBXShellScriptBuildPhase;
			buildActionMask = 2147483647;
			files = (
			);
			inputFileListPaths = (
				"${PODS_ROOT}/Target Support Files/Pods-Espace_Collaboratif/Pods-Espace_Collaboratif-frameworks-${CONFIGURATION}-input-files.xcfilelist",
			);
			name = "[CP] Embed Pods Frameworks";
			outputFileListPaths = (
				"${PODS_ROOT}/Target Support Files/Pods-Espace_Collaboratif/Pods-Espace_Collaboratif-frameworks-${CONFIGURATION}-output-files.xcfilelist",
			);
			runOnlyForDeploymentPostprocessing = 0;
			shellPath = /bin/sh;
			shellScript = "\"${PODS_ROOT}/Target Support Files/Pods-Espace_Collaboratif/Pods-Espace_Collaboratif-frameworks.sh\"\n";
			showEnvVarsInLog = 0;
		};
/* End PBXShellScriptBuildPhase section */

/* Begin PBXSourcesBuildPhase section */
		91A39616245386A5005F43F4 /* Sources */ = {
			isa = PBXSourcesBuildPhase;
			buildActionMask = 2147483647;
			files = (
				9103F80524D9BA3300587112 /* HomeViewController.swift in Sources */,
				91A6A619245B9AA0004F0C3D /* EventBus.swift in Sources */,
				916ACE592464E1FE00498285 /* ImageReceiverCell.swift in Sources */,
				9151A63A248F31C30068B55A /* ReactionsWorker.swift in Sources */,
				91592C7B245B62F000E88133 /* MessengerModels.swift in Sources */,
				9103F80324D9BA3300587112 /* HomeRouter.swift in Sources */,
				914E1E7E24DA36A8001BC09F /* Tag.swift in Sources */,
				9127F7FF24B3F84F0091968A /* AddSondageWorker.swift in Sources */,
				91A39622245386A5005F43F4 /* ViewController.swift in Sources */,
				9151A63E248F31C30068B55A /* ReactionsInteractor.swift in Sources */,
				916ACE552464E1DD00498285 /* ImageSenderCell.swift in Sources */,
				919A8475245AA7140094CE42 /* Messenger1.swift in Sources */,
				914E1E8224DA5BEC001BC09F /* TopicService.swift in Sources */,
				91A3759924538B4D00854ADE /* RoomModels.swift in Sources */,
				91A3759B24538B4D00854ADE /* RoomInteractor.swift in Sources */,
				919A846D245A328B0094CE42 /* AddRoomRouter.swift in Sources */,
				91C7ED3124E1976A00D0D8D2 /* ReplyService.swift in Sources */,
				91A3759E24538D5600854ADE /* RoomAPIClient.swift in Sources */,
				91A375A424538E2400854ADE /* APIClient.swift in Sources */,
				9127F80324B3F84F0091968A /* AddSondageInteractor.swift in Sources */,
				919A8472245A43E20094CE42 /* UsersTableViewCell.swift in Sources */,
				9166742124B5D19A00A5E687 /* VoteSondagePresenter.swift in Sources */,
				9103F81124D9DB0B00587112 /* TopicModels.swift in Sources */,
				9127F7FE24B3F84F0091968A /* AddSondagePresenter.swift in Sources */,
				9103F81024D9DB0B00587112 /* TopicRouter.swift in Sources */,
				91656A9A2469374600802907 /* Reachability.swift in Sources */,
				914DD34E24AECD0000F11C33 /* SondageTableViewCell.swift in Sources */,
				91A375A624539D9000854ADE /* RoomsEndPoints.swift in Sources */,
				916ACE4D2464E19E00498285 /* TextSenderCell.swift in Sources */,
				9103F80224D9BA3300587112 /* HomeWorker.swift in Sources */,
				91A3759724538B4D00854ADE /* RoomWorker.swift in Sources */,
				91A375892453892100854ADE /* User.swift in Sources */,
				91592C7D245B62F000E88133 /* MessengerInteractor.swift in Sources */,
				913EBB16245512DB00A40CA9 /* UserDefaultLogged.swift in Sources */,
				91656A9624691A5700802907 /* Espace_Collaboratif.xcdatamodeld in Sources */,
				9103F80E24D9DB0B00587112 /* TopicPresenter.swift in Sources */,
				9103F81524D9DDF000587112 /* TopicTableViewCell.swift in Sources */,
				919A846E245A328B0094CE42 /* AddRoomModels.swift in Sources */,
				9103F80124D9BA3300587112 /* HomePresenter.swift in Sources */,
				9145041824DCE5C000DA85B0 /* DetailTopicWorker.swift in Sources */,
				91A6A61D245B9AB9004F0C3D /* Message.swift in Sources */,
				9103F80624D9BA3300587112 /* HomeInteractor.swift in Sources */,
				9103F80424D9BA3300587112 /* HomeModels.swift in Sources */,
				9166742224B5D19A00A5E687 /* VoteSondageWorker.swift in Sources */,
				9151A640248F31E80068B55A /* ReactionTableViewCell.swift in Sources */,
				91F7B03D2454DD5400AA3974 /* LoginModels.swift in Sources */,
				919A846B245A328B0094CE42 /* AddRoomPresenter.swift in Sources */,
				91F7B0422454F2D800AA3974 /* UserAPIClient.swift in Sources */,
				919A846C245A328B0094CE42 /* AddRoomWorker.swift in Sources */,
				91592C78245B62F000E88133 /* MessengerPresenter.swift in Sources */,
				914DD35024AECD2100F11C33 /* ChoixSondageCollectionViewCell.swift in Sources */,
				91F7B03F2454DD5400AA3974 /* LoginInteractor.swift in Sources */,
				91F7B03C2454DD5400AA3974 /* LoginRouter.swift in Sources */,
				9166742A24B5D1C800A5E687 /* VoteTableViewCell.swift in Sources */,
				91F7B03A2454DD5400AA3974 /* LoginPresenter.swift in Sources */,
				918574E5245D2A4D00F54DAE /* corbeille.swift in Sources */,
				9151A639248F31C30068B55A /* ReactionsPresenter.swift in Sources */,
				91C1728C245485E000588967 /* UserCollectionViewCell.swift in Sources */,
				91F7B03E2454DD5400AA3974 /* LoginViewController.swift in Sources */,
				9145041A24DCE5C000DA85B0 /* DetailTopicModels.swift in Sources */,
				91F7B03B2454DD5400AA3974 /* LoginWorker.swift in Sources */,
				919A8470245A328B0094CE42 /* AddRoomInteractor.swift in Sources */,
				91592C7A245B62F000E88133 /* MessengerRouter.swift in Sources */,
				91C7ED3324E1988F00D0D8D2 /* Reply1.swift in Sources */,
				9151A63D248F31C30068B55A /* ReactionsViewController.swift in Sources */,
				91C0B8BA245E7C170059F675 /* EventBusApiClientTest.swift in Sources */,
				91C7ED2F24E195A900D0D8D2 /* ReplyTableViewCell.swift in Sources */,
				9127F80224B3F84F0091968A /* AddSondageViewController.swift in Sources */,
				91A375A224538E1300854ADE /* APIConfiguration.swift in Sources */,
				91A3759624538B4D00854ADE /* RoomPresenter.swift in Sources */,
				9166742524B5D19A00A5E687 /* VoteSondageViewController.swift in Sources */,
				91F13ECD24E418BD00320364 /* ConnectRoomEventBus.swift in Sources */,
				9103F81224D9DB0B00587112 /* TopicViewController.swift in Sources */,
				9145041924DCE5C000DA85B0 /* DetailTopicRouter.swift in Sources */,
				91A3759A24538B4D00854ADE /* RoomViewController.swift in Sources */,
				91F0E8962466D0AE00B7808A /* NetworkStatus.swift in Sources */,
				91A375A82453B6E600854ADE /* RoomsTableViewCell.swift in Sources */,
				91A3961E245386A5005F43F4 /* AppDelegate.swift in Sources */,
				914E1E7C24DA35FF001BC09F /* Topic1.swift in Sources */,
				9145041C24DCE5C000DA85B0 /* DetailTopicInteractor.swift in Sources */,
				91C0B8B5245E6A4D0059F675 /* EventBusApiClient.swift in Sources */,
				91A6A623245B9B09004F0C3D /* Word.swift in Sources */,
				91A6A61B245B9AAB004F0C3D /* Mutex.swift in Sources */,
				914E1E8024DA3D68001BC09F /* TopicEndPoints.swift in Sources */,
				916ACE512464E1B500498285 /* TextReceiverCell.swift in Sources */,
				91592C79245B62F000E88133 /* MessengerWorker.swift in Sources */,
				919A846F245A328B0094CE42 /* AddRoomViewController.swift in Sources */,
				9103F81324D9DB0B00587112 /* TopicInteractor.swift in Sources */,
				9151A642248F32140068B55A /* Reaction.swift in Sources */,
				91A6A61F245B9AC9004F0C3D /* Util.swift in Sources */,
				91A6A621245B9AD6004F0C3D /* Response.swift in Sources */,
				9145041724DCE5C000DA85B0 /* DetailTopicPresenter.swift in Sources */,
				91A39620245386A5005F43F4 /* SceneDelegate.swift in Sources */,
				9166742324B5D19A00A5E687 /* VoteSondageRouter.swift in Sources */,
				91592C7C245B62F000E88133 /* MessengerViewController.swift in Sources */,
				91ABB940246AC011001C8CBB /* MessageCoreData.swift in Sources */,
				91A375A024538DE900854ADE /* Constants.swift in Sources */,
				9166742624B5D19A00A5E687 /* VoteSondageInteractor.swift in Sources */,
				9151A63B248F31C30068B55A /* ReactionsRouter.swift in Sources */,
				91A37587245388F200854ADE /* Room1.swift in Sources */,
				91F7B0442454F46D00AA3974 /* UserConnectedEndPoints.swift in Sources */,
				9151A63C248F31C30068B55A /* ReactionsModels.swift in Sources */,
				91A375AA2453B80600854ADE /* ConstantColor.swift in Sources */,
				9166742424B5D19A00A5E687 /* VoteSondageModels.swift in Sources */,
				91656A9824691B7A00802907 /* RoomCoreData.swift in Sources */,
				914DD34B24AEC5E400F11C33 /* Choix.swift in Sources */,
				9127F80124B3F84F0091968A /* AddSondageModels.swift in Sources */,
				9103F80F24D9DB0B00587112 /* TopicWorker.swift in Sources */,
				9145041B24DCE5C000DA85B0 /* DetailTopicViewController.swift in Sources */,
				913C420A24DB327600DDFC5D /* TagCollectionViewCell.swift in Sources */,
				9127F80024B3F84F0091968A /* AddSondageRouter.swift in Sources */,
				91A3759824538B4D00854ADE /* RoomRouter.swift in Sources */,
			);
			runOnlyForDeploymentPostprocessing = 0;
		};
/* End PBXSourcesBuildPhase section */

/* Begin PBXVariantGroup section */
		91A39623245386A5005F43F4 /* Main.storyboard */ = {
			isa = PBXVariantGroup;
			children = (
				91A39624245386A5005F43F4 /* Base */,
			);
			name = Main.storyboard;
			sourceTree = "<group>";
		};
		91A3962B245386A7005F43F4 /* LaunchScreen.storyboard */ = {
			isa = PBXVariantGroup;
			children = (
				91A3962C245386A7005F43F4 /* Base */,
			);
			name = LaunchScreen.storyboard;
			sourceTree = "<group>";
		};
/* End PBXVariantGroup section */

/* Begin XCBuildConfiguration section */
		91A3962F245386A7005F43F4 /* Debug */ = {
			isa = XCBuildConfiguration;
			buildSettings = {
				ALWAYS_SEARCH_USER_PATHS = NO;
				CLANG_ANALYZER_NONNULL = YES;
				CLANG_ANALYZER_NUMBER_OBJECT_CONVERSION = YES_AGGRESSIVE;
				CLANG_CXX_LANGUAGE_STANDARD = "gnu++14";
				CLANG_CXX_LIBRARY = "libc++";
				CLANG_ENABLE_MODULES = YES;
				CLANG_ENABLE_OBJC_ARC = YES;
				CLANG_ENABLE_OBJC_WEAK = YES;
				CLANG_WARN_BLOCK_CAPTURE_AUTORELEASING = YES;
				CLANG_WARN_BOOL_CONVERSION = YES;
				CLANG_WARN_COMMA = YES;
				CLANG_WARN_CONSTANT_CONVERSION = YES;
				CLANG_WARN_DEPRECATED_OBJC_IMPLEMENTATIONS = YES;
				CLANG_WARN_DIRECT_OBJC_ISA_USAGE = YES_ERROR;
				CLANG_WARN_DOCUMENTATION_COMMENTS = YES;
				CLANG_WARN_EMPTY_BODY = YES;
				CLANG_WARN_ENUM_CONVERSION = YES;
				CLANG_WARN_INFINITE_RECURSION = YES;
				CLANG_WARN_INT_CONVERSION = YES;
				CLANG_WARN_NON_LITERAL_NULL_CONVERSION = YES;
				CLANG_WARN_OBJC_IMPLICIT_RETAIN_SELF = YES;
				CLANG_WARN_OBJC_LITERAL_CONVERSION = YES;
				CLANG_WARN_OBJC_ROOT_CLASS = YES_ERROR;
				CLANG_WARN_RANGE_LOOP_ANALYSIS = YES;
				CLANG_WARN_STRICT_PROTOTYPES = YES;
				CLANG_WARN_SUSPICIOUS_MOVE = YES;
				CLANG_WARN_UNGUARDED_AVAILABILITY = YES_AGGRESSIVE;
				CLANG_WARN_UNREACHABLE_CODE = YES;
				CLANG_WARN__DUPLICATE_METHOD_MATCH = YES;
				COPY_PHASE_STRIP = NO;
				DEBUG_INFORMATION_FORMAT = dwarf;
				ENABLE_STRICT_OBJC_MSGSEND = YES;
				ENABLE_TESTABILITY = YES;
				GCC_C_LANGUAGE_STANDARD = gnu11;
				GCC_DYNAMIC_NO_PIC = NO;
				GCC_NO_COMMON_BLOCKS = YES;
				GCC_OPTIMIZATION_LEVEL = 0;
				GCC_PREPROCESSOR_DEFINITIONS = (
					"DEBUG=1",
					"$(inherited)",
				);
				GCC_WARN_64_TO_32_BIT_CONVERSION = YES;
				GCC_WARN_ABOUT_RETURN_TYPE = YES_ERROR;
				GCC_WARN_UNDECLARED_SELECTOR = YES;
				GCC_WARN_UNINITIALIZED_AUTOS = YES_AGGRESSIVE;
				GCC_WARN_UNUSED_FUNCTION = YES;
				GCC_WARN_UNUSED_VARIABLE = YES;
				IPHONEOS_DEPLOYMENT_TARGET = 13.2;
				MTL_ENABLE_DEBUG_INFO = INCLUDE_SOURCE;
				MTL_FAST_MATH = YES;
				ONLY_ACTIVE_ARCH = YES;
				SDKROOT = iphoneos;
				SWIFT_ACTIVE_COMPILATION_CONDITIONS = DEBUG;
				SWIFT_OPTIMIZATION_LEVEL = "-Onone";
			};
			name = Debug;
		};
		91A39630245386A7005F43F4 /* Release */ = {
			isa = XCBuildConfiguration;
			buildSettings = {
				ALWAYS_SEARCH_USER_PATHS = NO;
				CLANG_ANALYZER_NONNULL = YES;
				CLANG_ANALYZER_NUMBER_OBJECT_CONVERSION = YES_AGGRESSIVE;
				CLANG_CXX_LANGUAGE_STANDARD = "gnu++14";
				CLANG_CXX_LIBRARY = "libc++";
				CLANG_ENABLE_MODULES = YES;
				CLANG_ENABLE_OBJC_ARC = YES;
				CLANG_ENABLE_OBJC_WEAK = YES;
				CLANG_WARN_BLOCK_CAPTURE_AUTORELEASING = YES;
				CLANG_WARN_BOOL_CONVERSION = YES;
				CLANG_WARN_COMMA = YES;
				CLANG_WARN_CONSTANT_CONVERSION = YES;
				CLANG_WARN_DEPRECATED_OBJC_IMPLEMENTATIONS = YES;
				CLANG_WARN_DIRECT_OBJC_ISA_USAGE = YES_ERROR;
				CLANG_WARN_DOCUMENTATION_COMMENTS = YES;
				CLANG_WARN_EMPTY_BODY = YES;
				CLANG_WARN_ENUM_CONVERSION = YES;
				CLANG_WARN_INFINITE_RECURSION = YES;
				CLANG_WARN_INT_CONVERSION = YES;
				CLANG_WARN_NON_LITERAL_NULL_CONVERSION = YES;
				CLANG_WARN_OBJC_IMPLICIT_RETAIN_SELF = YES;
				CLANG_WARN_OBJC_LITERAL_CONVERSION = YES;
				CLANG_WARN_OBJC_ROOT_CLASS = YES_ERROR;
				CLANG_WARN_RANGE_LOOP_ANALYSIS = YES;
				CLANG_WARN_STRICT_PROTOTYPES = YES;
				CLANG_WARN_SUSPICIOUS_MOVE = YES;
				CLANG_WARN_UNGUARDED_AVAILABILITY = YES_AGGRESSIVE;
				CLANG_WARN_UNREACHABLE_CODE = YES;
				CLANG_WARN__DUPLICATE_METHOD_MATCH = YES;
				COPY_PHASE_STRIP = NO;
				DEBUG_INFORMATION_FORMAT = "dwarf-with-dsym";
				ENABLE_NS_ASSERTIONS = NO;
				ENABLE_STRICT_OBJC_MSGSEND = YES;
				GCC_C_LANGUAGE_STANDARD = gnu11;
				GCC_NO_COMMON_BLOCKS = YES;
				GCC_WARN_64_TO_32_BIT_CONVERSION = YES;
				GCC_WARN_ABOUT_RETURN_TYPE = YES_ERROR;
				GCC_WARN_UNDECLARED_SELECTOR = YES;
				GCC_WARN_UNINITIALIZED_AUTOS = YES_AGGRESSIVE;
				GCC_WARN_UNUSED_FUNCTION = YES;
				GCC_WARN_UNUSED_VARIABLE = YES;
				IPHONEOS_DEPLOYMENT_TARGET = 13.2;
				MTL_ENABLE_DEBUG_INFO = NO;
				MTL_FAST_MATH = YES;
				SDKROOT = iphoneos;
				SWIFT_COMPILATION_MODE = wholemodule;
				SWIFT_OPTIMIZATION_LEVEL = "-O";
				VALIDATE_PRODUCT = YES;
			};
			name = Release;
		};
		91A39632245386A7005F43F4 /* Debug */ = {
			isa = XCBuildConfiguration;
			baseConfigurationReference = 25011D67E9EDF04603A98FB0 /* Pods-Espace_Collaboratif.debug.xcconfig */;
			buildSettings = {
				ASSETCATALOG_COMPILER_APPICON_NAME = AppIcon;
				CODE_SIGN_STYLE = Automatic;
				DEVELOPMENT_TEAM = WP8BP28JA8;
				INFOPLIST_FILE = Espace_Collaboratif/Info.plist;
				LD_RUNPATH_SEARCH_PATHS = (
					"$(inherited)",
					"@executable_path/Frameworks",
				);
				PRODUCT_BUNDLE_IDENTIFIER = "weavin.mehdi.espacecollaboratif.Espace-Collaboratif";
				PRODUCT_NAME = "$(TARGET_NAME)";
				SWIFT_VERSION = 5.0;
				TARGETED_DEVICE_FAMILY = "1,2";
			};
			name = Debug;
		};
		91A39633245386A7005F43F4 /* Release */ = {
			isa = XCBuildConfiguration;
			baseConfigurationReference = 85A2B53FFE1011E8CA4372BA /* Pods-Espace_Collaboratif.release.xcconfig */;
			buildSettings = {
				ASSETCATALOG_COMPILER_APPICON_NAME = AppIcon;
				CODE_SIGN_STYLE = Automatic;
				DEVELOPMENT_TEAM = WP8BP28JA8;
				INFOPLIST_FILE = Espace_Collaboratif/Info.plist;
				LD_RUNPATH_SEARCH_PATHS = (
					"$(inherited)",
					"@executable_path/Frameworks",
				);
				PRODUCT_BUNDLE_IDENTIFIER = "weavin.mehdi.espacecollaboratif.Espace-Collaboratif";
				PRODUCT_NAME = "$(TARGET_NAME)";
				SWIFT_VERSION = 5.0;
				TARGETED_DEVICE_FAMILY = "1,2";
			};
			name = Release;
		};
/* End XCBuildConfiguration section */

/* Begin XCConfigurationList section */
		91A39615245386A5005F43F4 /* Build configuration list for PBXProject "Espace_Collaboratif" */ = {
			isa = XCConfigurationList;
			buildConfigurations = (
				91A3962F245386A7005F43F4 /* Debug */,
				91A39630245386A7005F43F4 /* Release */,
			);
			defaultConfigurationIsVisible = 0;
			defaultConfigurationName = Release;
		};
		91A39631245386A7005F43F4 /* Build configuration list for PBXNativeTarget "Espace_Collaboratif" */ = {
			isa = XCConfigurationList;
			buildConfigurations = (
				91A39632245386A7005F43F4 /* Debug */,
				91A39633245386A7005F43F4 /* Release */,
			);
			defaultConfigurationIsVisible = 0;
			defaultConfigurationName = Release;
		};
/* End XCConfigurationList section */

/* Begin XCVersionGroup section */
		91656A9424691A5700802907 /* Espace_Collaboratif.xcdatamodeld */ = {
			isa = XCVersionGroup;
			children = (
				91656A9524691A5700802907 /* Espace_Collaboratif.xcdatamodel */,
			);
			currentVersion = 91656A9524691A5700802907 /* Espace_Collaboratif.xcdatamodel */;
			path = Espace_Collaboratif.xcdatamodeld;
			sourceTree = "<group>";
			versionGroupType = wrapper.xcdatamodel;
		};
/* End XCVersionGroup section */
	};
	rootObject = 91A39612245386A5005F43F4 /* Project object */;
}
